// !$*UTF8*$!
{
	archiveVersion = 1;
	classes = {
	};
	objectVersion = 47;
	objects = {

/* Begin PBXBuildFile section */
		0F25D7E11D83A0290056826B /* XXAuthorizationTableViewController.m in Sources */ = {isa = PBXBuildFile; fileRef = 0F25D7E01D83A0290056826B /* XXAuthorizationTableViewController.m */; };
		0F25D7E51D84F5B00056826B /* XXApplicationListTableViewController.m in Sources */ = {isa = PBXBuildFile; fileRef = 0F25D7E41D84F5B00056826B /* XXApplicationListTableViewController.m */; };
		0F25D7E81D84FED90056826B /* XXApplicationTableViewCell.m in Sources */ = {isa = PBXBuildFile; fileRef = 0F25D7E71D84FED90056826B /* XXApplicationTableViewCell.m */; };
		0F25D7EB1D8501C40056826B /* XXApplicationDetailTableViewController.m in Sources */ = {isa = PBXBuildFile; fileRef = 0F25D7EA1D8501C40056826B /* XXApplicationDetailTableViewController.m */; };
		0F2935F21D797E0400E41A29 /* NSString+Regexp.m in Sources */ = {isa = PBXBuildFile; fileRef = 0F2935F11D797E0400E41A29 /* NSString+Regexp.m */; };
		0F302D2E1D74578E001E566A /* UINavigationController+StatusBar.m in Sources */ = {isa = PBXBuildFile; fileRef = 0F302D2D1D74578E001E566A /* UINavigationController+StatusBar.m */; };
		0F302D311D7457D4001E566A /* UINavigationController+FDFullscreenPopGesture.m in Sources */ = {isa = PBXBuildFile; fileRef = 0F302D301D7457D4001E566A /* UINavigationController+FDFullscreenPopGesture.m */; };
		0F50290A1D79910B0019FC8D /* NSString+Mime.m in Sources */ = {isa = PBXBuildFile; fileRef = 0F5029091D79910B0019FC8D /* NSString+Mime.m */; };
		0F55538C1D7D4DBA00D8A8A6 /* Photos.framework in Frameworks */ = {isa = PBXBuildFile; fileRef = 0F55538B1D7D4DBA00D8A8A6 /* Photos.framework */; settings = {ATTRIBUTES = (Weak, ); }; };
		0F55538F1D7D4E6000D8A8A6 /* PHPhotoLibrary+CustomPhotoCollection.m in Sources */ = {isa = PBXBuildFile; fileRef = 0F55538E1D7D4E6000D8A8A6 /* PHPhotoLibrary+CustomPhotoCollection.m */; };
		0F5553921D7D50DB00D8A8A6 /* UIImage+ProportionalFill.m in Sources */ = {isa = PBXBuildFile; fileRef = 0F5553911D7D50DB00D8A8A6 /* UIImage+ProportionalFill.m */; };
		0F5D1F531D7E3F610061A954 /* ALAssetsLibrary+CustomPhotoAlbum.m in Sources */ = {isa = PBXBuildFile; fileRef = 0F5D1F521D7E3F610061A954 /* ALAssetsLibrary+CustomPhotoAlbum.m */; };
		0F5D1F551D7E3FED0061A954 /* AssetsLibrary.framework in Frameworks */ = {isa = PBXBuildFile; fileRef = 0F5D1F541D7E3FED0061A954 /* AssetsLibrary.framework */; settings = {ATTRIBUTES = (Weak, ); }; };
		0F5D1F581D7E41190061A954 /* ALAssetsLibrary+SingleInstance.m in Sources */ = {isa = PBXBuildFile; fileRef = 0F5D1F571D7E41190061A954 /* ALAssetsLibrary+SingleInstance.m */; };
		0F5D1F5A1D7E51020061A954 /* MediaPlayer.framework in Frameworks */ = {isa = PBXBuildFile; fileRef = 0F5D1F591D7E51020061A954 /* MediaPlayer.framework */; };
		0F5D1F5C1D7E525F0061A954 /* AVKit.framework in Frameworks */ = {isa = PBXBuildFile; fileRef = 0F5D1F5B1D7E525F0061A954 /* AVKit.framework */; };
		0F5DDE161D81496800BC4BDE /* XXCreateItemTableViewController.m in Sources */ = {isa = PBXBuildFile; fileRef = 0F5DDE0B1D81496800BC4BDE /* XXCreateItemTableViewController.m */; };
		0F5DDE171D81496800BC4BDE /* XXItemAttributesTableViewController.m in Sources */ = {isa = PBXBuildFile; fileRef = 0F5DDE0D1D81496800BC4BDE /* XXItemAttributesTableViewController.m */; };
		0F5DDE181D81496800BC4BDE /* XXSwipeableCell.m in Sources */ = {isa = PBXBuildFile; fileRef = 0F5DDE101D81496800BC4BDE /* XXSwipeableCell.m */; };
		0F5DDE191D81496800BC4BDE /* XXToolbar.m in Sources */ = {isa = PBXBuildFile; fileRef = 0F5DDE131D81496800BC4BDE /* XXToolbar.m */; };
		0F5DDE1A1D81496800BC4BDE /* XXScriptListTableViewController.m in Sources */ = {isa = PBXBuildFile; fileRef = 0F5DDE151D81496800BC4BDE /* XXScriptListTableViewController.m */; };
		0F5DDE231D8149B100BC4BDE /* XXAboutTableViewController.m in Sources */ = {isa = PBXBuildFile; fileRef = 0F5DDE1E1D8149B100BC4BDE /* XXAboutTableViewController.m */; };
		0F5DDE241D8149B100BC4BDE /* XXDocumentsTableViewController.m in Sources */ = {isa = PBXBuildFile; fileRef = 0F5DDE201D8149B100BC4BDE /* XXDocumentsTableViewController.m */; };
		0F5DDE251D8149B100BC4BDE /* XXSettingsTableViewController.m in Sources */ = {isa = PBXBuildFile; fileRef = 0F5DDE221D8149B100BC4BDE /* XXSettingsTableViewController.m */; };
		0F5DDE2F1D8149BE00BC4BDE /* XXEmptyNavigationController.m in Sources */ = {isa = PBXBuildFile; fileRef = 0F5DDE281D8149BE00BC4BDE /* XXEmptyNavigationController.m */; };
		0F5DDE301D8149BE00BC4BDE /* XXMainTabbarViewController.m in Sources */ = {isa = PBXBuildFile; fileRef = 0F5DDE2A1D8149BE00BC4BDE /* XXMainTabbarViewController.m */; };
		0F5DDE311D8149BE00BC4BDE /* XXNavigationViewController.m in Sources */ = {isa = PBXBuildFile; fileRef = 0F5DDE2C1D8149BE00BC4BDE /* XXNavigationViewController.m */; };
		0F5DDE321D8149BE00BC4BDE /* XXWebViewController.m in Sources */ = {isa = PBXBuildFile; fileRef = 0F5DDE2E1D8149BE00BC4BDE /* XXWebViewController.m */; };
		0F5DDE381D814A3100BC4BDE /* XXArchiveService.m in Sources */ = {isa = PBXBuildFile; fileRef = 0F5DDE351D814A3100BC4BDE /* XXArchiveService.m */; };
		0F5DDE391D814A3100BC4BDE /* XXQuickLookService.m in Sources */ = {isa = PBXBuildFile; fileRef = 0F5DDE371D814A3100BC4BDE /* XXQuickLookService.m */; };
		0F5DDE3F1D814ACE00BC4BDE /* FYPhotoAsset.m in Sources */ = {isa = PBXBuildFile; fileRef = 0F5DDE3C1D814ACE00BC4BDE /* FYPhotoAsset.m */; };
		0F5DDE401D814ACE00BC4BDE /* FYPhotoLibrary.m in Sources */ = {isa = PBXBuildFile; fileRef = 0F5DDE3E1D814ACE00BC4BDE /* FYPhotoLibrary.m */; };
		0F5DDE4A1D814B7E00BC4BDE /* ARSafariActivity.bundle in Resources */ = {isa = PBXBuildFile; fileRef = 0F5DDE431D814B7E00BC4BDE /* ARSafariActivity.bundle */; };
		0F5DDE4B1D814B7E00BC4BDE /* ARSafariActivity.m in Sources */ = {isa = PBXBuildFile; fileRef = 0F5DDE451D814B7E00BC4BDE /* ARSafariActivity.m */; };
		0F5DDE4C1D814B7E00BC4BDE /* SIAlertView.bundle in Resources */ = {isa = PBXBuildFile; fileRef = 0F5DDE471D814B7E00BC4BDE /* SIAlertView.bundle */; };
		0F5DDE4D1D814B7E00BC4BDE /* SIAlertView.m in Sources */ = {isa = PBXBuildFile; fileRef = 0F5DDE491D814B7E00BC4BDE /* SIAlertView.m */; };
		0F6459A31D85B36B00194057 /* XXKeyPressConfigTableViewController.m in Sources */ = {isa = PBXBuildFile; fileRef = 0F6459A21D85B36B00194057 /* XXKeyPressConfigTableViewController.m */; };
		0F6459A71D85B37D00194057 /* XXRecordConfigTableViewController.m in Sources */ = {isa = PBXBuildFile; fileRef = 0F6459A61D85B37D00194057 /* XXRecordConfigTableViewController.m */; };
		0F98529D1D748072001323AA /* Main.storyboard in Resources */ = {isa = PBXBuildFile; fileRef = 0F98529B1D748072001323AA /* Main.storyboard */; };
		0FB0A78E1D73D80D00129E83 /* AppDelegate.m in Sources */ = {isa = PBXBuildFile; fileRef = 0FB0A78A1D73D80D00129E83 /* AppDelegate.m */; };
		0FB0A79F1D73DB7600129E83 /* Assets.xcassets in Resources */ = {isa = PBXBuildFile; fileRef = 0FB0A79E1D73DB7600129E83 /* Assets.xcassets */; };
		0FB0A7AD1D73DBE400129E83 /* main.m in Sources */ = {isa = PBXBuildFile; fileRef = 0FB0A7AC1D73DBE400129E83 /* main.m */; };
		0FB0A7CD1D7411CE00129E83 /* GlobalSettings.m in Sources */ = {isa = PBXBuildFile; fileRef = 0FB0A7CC1D7411CE00129E83 /* GlobalSettings.m */; };
		0FBC87981D7AC54600C9E419 /* NSFileManager+RealDestination.m in Sources */ = {isa = PBXBuildFile; fileRef = 0FBC87971D7AC54600C9E419 /* NSFileManager+RealDestination.m */; };
		0FC47E921D7698140076590B /* tos.html in Resources */ = {isa = PBXBuildFile; fileRef = 0FC47E911D7698140076590B /* tos.html */; };
		0FC47E941D7698220076590B /* open.html in Resources */ = {isa = PBXBuildFile; fileRef = 0FC47E931D7698220076590B /* open.html */; };
		0FE881D11D75A9AD003907A7 /* XXLocalNetService.m in Sources */ = {isa = PBXBuildFile; fileRef = 0FE881D01D75A9AD003907A7 /* XXLocalNetService.m */; };
		0FE881D41D75ABE9003907A7 /* XXLocalDataService.m in Sources */ = {isa = PBXBuildFile; fileRef = 0FE881D31D75ABE9003907A7 /* XXLocalDataService.m */; };
		95055808A81D28EF5D3CB898 /* Pods_XXTouchApp.framework in Frameworks */ = {isa = PBXBuildFile; fileRef = AC6DCBE457CEBB0E56A084B8 /* Pods_XXTouchApp.framework */; };
/* End PBXBuildFile section */

/* Begin PBXFileReference section */
		0F25D7DF1D83A0290056826B /* XXAuthorizationTableViewController.h */ = {isa = PBXFileReference; fileEncoding = 4; lastKnownFileType = sourcecode.c.h; path = XXAuthorizationTableViewController.h; sourceTree = "<group>"; };
		0F25D7E01D83A0290056826B /* XXAuthorizationTableViewController.m */ = {isa = PBXFileReference; fileEncoding = 4; lastKnownFileType = sourcecode.c.objc; path = XXAuthorizationTableViewController.m; sourceTree = "<group>"; };
		0F25D7E31D84F5B00056826B /* XXApplicationListTableViewController.h */ = {isa = PBXFileReference; fileEncoding = 4; lastKnownFileType = sourcecode.c.h; path = XXApplicationListTableViewController.h; sourceTree = "<group>"; };
		0F25D7E41D84F5B00056826B /* XXApplicationListTableViewController.m */ = {isa = PBXFileReference; fileEncoding = 4; lastKnownFileType = sourcecode.c.objc; path = XXApplicationListTableViewController.m; sourceTree = "<group>"; };
		0F25D7E61D84FED90056826B /* XXApplicationTableViewCell.h */ = {isa = PBXFileReference; fileEncoding = 4; lastKnownFileType = sourcecode.c.h; path = XXApplicationTableViewCell.h; sourceTree = "<group>"; };
		0F25D7E71D84FED90056826B /* XXApplicationTableViewCell.m */ = {isa = PBXFileReference; fileEncoding = 4; lastKnownFileType = sourcecode.c.objc; path = XXApplicationTableViewCell.m; sourceTree = "<group>"; };
		0F25D7E91D8501C40056826B /* XXApplicationDetailTableViewController.h */ = {isa = PBXFileReference; fileEncoding = 4; lastKnownFileType = sourcecode.c.h; path = XXApplicationDetailTableViewController.h; sourceTree = "<group>"; };
		0F25D7EA1D8501C40056826B /* XXApplicationDetailTableViewController.m */ = {isa = PBXFileReference; fileEncoding = 4; lastKnownFileType = sourcecode.c.objc; path = XXApplicationDetailTableViewController.m; sourceTree = "<group>"; };
		0F2935F01D797E0400E41A29 /* NSString+Regexp.h */ = {isa = PBXFileReference; fileEncoding = 4; lastKnownFileType = sourcecode.c.h; path = "NSString+Regexp.h"; sourceTree = "<group>"; };
		0F2935F11D797E0400E41A29 /* NSString+Regexp.m */ = {isa = PBXFileReference; fileEncoding = 4; lastKnownFileType = sourcecode.c.objc; path = "NSString+Regexp.m"; sourceTree = "<group>"; };
		0F302D2A1D745751001E566A /* StyleDefines.h */ = {isa = PBXFileReference; lastKnownFileType = sourcecode.c.h; path = StyleDefines.h; sourceTree = "<group>"; };
		0F302D2C1D74578E001E566A /* UINavigationController+StatusBar.h */ = {isa = PBXFileReference; fileEncoding = 4; lastKnownFileType = sourcecode.c.h; path = "UINavigationController+StatusBar.h"; sourceTree = "<group>"; };
		0F302D2D1D74578E001E566A /* UINavigationController+StatusBar.m */ = {isa = PBXFileReference; fileEncoding = 4; lastKnownFileType = sourcecode.c.objc; path = "UINavigationController+StatusBar.m"; sourceTree = "<group>"; };
		0F302D2F1D7457D4001E566A /* UINavigationController+FDFullscreenPopGesture.h */ = {isa = PBXFileReference; fileEncoding = 4; lastKnownFileType = sourcecode.c.h; path = "UINavigationController+FDFullscreenPopGesture.h"; sourceTree = "<group>"; };
		0F302D301D7457D4001E566A /* UINavigationController+FDFullscreenPopGesture.m */ = {isa = PBXFileReference; fileEncoding = 4; lastKnownFileType = sourcecode.c.objc; path = "UINavigationController+FDFullscreenPopGesture.m"; sourceTree = "<group>"; };
		0F5029081D79910B0019FC8D /* NSString+Mime.h */ = {isa = PBXFileReference; fileEncoding = 4; lastKnownFileType = sourcecode.c.h; path = "NSString+Mime.h"; sourceTree = "<group>"; };
		0F5029091D79910B0019FC8D /* NSString+Mime.m */ = {isa = PBXFileReference; fileEncoding = 4; lastKnownFileType = sourcecode.c.objc; path = "NSString+Mime.m"; sourceTree = "<group>"; };
		0F55538B1D7D4DBA00D8A8A6 /* Photos.framework */ = {isa = PBXFileReference; lastKnownFileType = wrapper.framework; name = Photos.framework; path = System/Library/Frameworks/Photos.framework; sourceTree = SDKROOT; };
		0F55538D1D7D4E6000D8A8A6 /* PHPhotoLibrary+CustomPhotoCollection.h */ = {isa = PBXFileReference; fileEncoding = 4; lastKnownFileType = sourcecode.c.h; path = "PHPhotoLibrary+CustomPhotoCollection.h"; sourceTree = "<group>"; };
		0F55538E1D7D4E6000D8A8A6 /* PHPhotoLibrary+CustomPhotoCollection.m */ = {isa = PBXFileReference; fileEncoding = 4; lastKnownFileType = sourcecode.c.objc; path = "PHPhotoLibrary+CustomPhotoCollection.m"; sourceTree = "<group>"; };
		0F5553901D7D50DB00D8A8A6 /* UIImage+ProportionalFill.h */ = {isa = PBXFileReference; fileEncoding = 4; lastKnownFileType = sourcecode.c.h; path = "UIImage+ProportionalFill.h"; sourceTree = "<group>"; };
		0F5553911D7D50DB00D8A8A6 /* UIImage+ProportionalFill.m */ = {isa = PBXFileReference; fileEncoding = 4; lastKnownFileType = sourcecode.c.objc; path = "UIImage+ProportionalFill.m"; sourceTree = "<group>"; };
		0F5D1F511D7E3F610061A954 /* ALAssetsLibrary+CustomPhotoAlbum.h */ = {isa = PBXFileReference; fileEncoding = 4; lastKnownFileType = sourcecode.c.h; path = "ALAssetsLibrary+CustomPhotoAlbum.h"; sourceTree = "<group>"; };
		0F5D1F521D7E3F610061A954 /* ALAssetsLibrary+CustomPhotoAlbum.m */ = {isa = PBXFileReference; fileEncoding = 4; lastKnownFileType = sourcecode.c.objc; path = "ALAssetsLibrary+CustomPhotoAlbum.m"; sourceTree = "<group>"; };
		0F5D1F541D7E3FED0061A954 /* AssetsLibrary.framework */ = {isa = PBXFileReference; lastKnownFileType = wrapper.framework; name = AssetsLibrary.framework; path = System/Library/Frameworks/AssetsLibrary.framework; sourceTree = SDKROOT; };
		0F5D1F561D7E41190061A954 /* ALAssetsLibrary+SingleInstance.h */ = {isa = PBXFileReference; fileEncoding = 4; lastKnownFileType = sourcecode.c.h; path = "ALAssetsLibrary+SingleInstance.h"; sourceTree = "<group>"; };
		0F5D1F571D7E41190061A954 /* ALAssetsLibrary+SingleInstance.m */ = {isa = PBXFileReference; fileEncoding = 4; lastKnownFileType = sourcecode.c.objc; path = "ALAssetsLibrary+SingleInstance.m"; sourceTree = "<group>"; };
		0F5D1F591D7E51020061A954 /* MediaPlayer.framework */ = {isa = PBXFileReference; lastKnownFileType = wrapper.framework; name = MediaPlayer.framework; path = System/Library/Frameworks/MediaPlayer.framework; sourceTree = SDKROOT; };
		0F5D1F5B1D7E525F0061A954 /* AVKit.framework */ = {isa = PBXFileReference; lastKnownFileType = wrapper.framework; name = AVKit.framework; path = System/Library/Frameworks/AVKit.framework; sourceTree = SDKROOT; };
		0F5DDE0A1D81496800BC4BDE /* XXCreateItemTableViewController.h */ = {isa = PBXFileReference; fileEncoding = 4; lastKnownFileType = sourcecode.c.h; path = XXCreateItemTableViewController.h; sourceTree = "<group>"; };
		0F5DDE0B1D81496800BC4BDE /* XXCreateItemTableViewController.m */ = {isa = PBXFileReference; fileEncoding = 4; lastKnownFileType = sourcecode.c.objc; path = XXCreateItemTableViewController.m; sourceTree = "<group>"; };
		0F5DDE0C1D81496800BC4BDE /* XXItemAttributesTableViewController.h */ = {isa = PBXFileReference; fileEncoding = 4; lastKnownFileType = sourcecode.c.h; path = XXItemAttributesTableViewController.h; sourceTree = "<group>"; };
		0F5DDE0D1D81496800BC4BDE /* XXItemAttributesTableViewController.m */ = {isa = PBXFileReference; fileEncoding = 4; lastKnownFileType = sourcecode.c.objc; path = XXItemAttributesTableViewController.m; sourceTree = "<group>"; };
		0F5DDE0F1D81496800BC4BDE /* XXSwipeableCell.h */ = {isa = PBXFileReference; fileEncoding = 4; lastKnownFileType = sourcecode.c.h; path = XXSwipeableCell.h; sourceTree = "<group>"; };
		0F5DDE101D81496800BC4BDE /* XXSwipeableCell.m */ = {isa = PBXFileReference; fileEncoding = 4; lastKnownFileType = sourcecode.c.objc; path = XXSwipeableCell.m; sourceTree = "<group>"; };
		0F5DDE121D81496800BC4BDE /* XXToolbar.h */ = {isa = PBXFileReference; fileEncoding = 4; lastKnownFileType = sourcecode.c.h; path = XXToolbar.h; sourceTree = "<group>"; };
		0F5DDE131D81496800BC4BDE /* XXToolbar.m */ = {isa = PBXFileReference; fileEncoding = 4; lastKnownFileType = sourcecode.c.objc; path = XXToolbar.m; sourceTree = "<group>"; };
		0F5DDE141D81496800BC4BDE /* XXScriptListTableViewController.h */ = {isa = PBXFileReference; fileEncoding = 4; lastKnownFileType = sourcecode.c.h; path = XXScriptListTableViewController.h; sourceTree = "<group>"; };
		0F5DDE151D81496800BC4BDE /* XXScriptListTableViewController.m */ = {isa = PBXFileReference; fileEncoding = 4; lastKnownFileType = sourcecode.c.objc; path = XXScriptListTableViewController.m; sourceTree = "<group>"; };
		0F5DDE1D1D8149B100BC4BDE /* XXAboutTableViewController.h */ = {isa = PBXFileReference; fileEncoding = 4; lastKnownFileType = sourcecode.c.h; path = XXAboutTableViewController.h; sourceTree = "<group>"; };
		0F5DDE1E1D8149B100BC4BDE /* XXAboutTableViewController.m */ = {isa = PBXFileReference; fileEncoding = 4; lastKnownFileType = sourcecode.c.objc; path = XXAboutTableViewController.m; sourceTree = "<group>"; };
		0F5DDE1F1D8149B100BC4BDE /* XXDocumentsTableViewController.h */ = {isa = PBXFileReference; fileEncoding = 4; lastKnownFileType = sourcecode.c.h; path = XXDocumentsTableViewController.h; sourceTree = "<group>"; };
		0F5DDE201D8149B100BC4BDE /* XXDocumentsTableViewController.m */ = {isa = PBXFileReference; fileEncoding = 4; lastKnownFileType = sourcecode.c.objc; path = XXDocumentsTableViewController.m; sourceTree = "<group>"; };
		0F5DDE211D8149B100BC4BDE /* XXSettingsTableViewController.h */ = {isa = PBXFileReference; fileEncoding = 4; lastKnownFileType = sourcecode.c.h; path = XXSettingsTableViewController.h; sourceTree = "<group>"; };
		0F5DDE221D8149B100BC4BDE /* XXSettingsTableViewController.m */ = {isa = PBXFileReference; fileEncoding = 4; lastKnownFileType = sourcecode.c.objc; path = XXSettingsTableViewController.m; sourceTree = "<group>"; };
		0F5DDE271D8149BE00BC4BDE /* XXEmptyNavigationController.h */ = {isa = PBXFileReference; fileEncoding = 4; lastKnownFileType = sourcecode.c.h; path = XXEmptyNavigationController.h; sourceTree = "<group>"; };
		0F5DDE281D8149BE00BC4BDE /* XXEmptyNavigationController.m */ = {isa = PBXFileReference; fileEncoding = 4; lastKnownFileType = sourcecode.c.objc; path = XXEmptyNavigationController.m; sourceTree = "<group>"; };
		0F5DDE291D8149BE00BC4BDE /* XXMainTabbarViewController.h */ = {isa = PBXFileReference; fileEncoding = 4; lastKnownFileType = sourcecode.c.h; path = XXMainTabbarViewController.h; sourceTree = "<group>"; };
		0F5DDE2A1D8149BE00BC4BDE /* XXMainTabbarViewController.m */ = {isa = PBXFileReference; fileEncoding = 4; lastKnownFileType = sourcecode.c.objc; path = XXMainTabbarViewController.m; sourceTree = "<group>"; };
		0F5DDE2B1D8149BE00BC4BDE /* XXNavigationViewController.h */ = {isa = PBXFileReference; fileEncoding = 4; lastKnownFileType = sourcecode.c.h; path = XXNavigationViewController.h; sourceTree = "<group>"; };
		0F5DDE2C1D8149BE00BC4BDE /* XXNavigationViewController.m */ = {isa = PBXFileReference; fileEncoding = 4; lastKnownFileType = sourcecode.c.objc; path = XXNavigationViewController.m; sourceTree = "<group>"; };
		0F5DDE2D1D8149BE00BC4BDE /* XXWebViewController.h */ = {isa = PBXFileReference; fileEncoding = 4; lastKnownFileType = sourcecode.c.h; path = XXWebViewController.h; sourceTree = "<group>"; };
		0F5DDE2E1D8149BE00BC4BDE /* XXWebViewController.m */ = {isa = PBXFileReference; fileEncoding = 4; lastKnownFileType = sourcecode.c.objc; path = XXWebViewController.m; sourceTree = "<group>"; };
		0F5DDE341D814A3100BC4BDE /* XXArchiveService.h */ = {isa = PBXFileReference; fileEncoding = 4; lastKnownFileType = sourcecode.c.h; path = XXArchiveService.h; sourceTree = "<group>"; };
		0F5DDE351D814A3100BC4BDE /* XXArchiveService.m */ = {isa = PBXFileReference; fileEncoding = 4; lastKnownFileType = sourcecode.c.objc; path = XXArchiveService.m; sourceTree = "<group>"; };
		0F5DDE361D814A3100BC4BDE /* XXQuickLookService.h */ = {isa = PBXFileReference; fileEncoding = 4; lastKnownFileType = sourcecode.c.h; path = XXQuickLookService.h; sourceTree = "<group>"; };
		0F5DDE371D814A3100BC4BDE /* XXQuickLookService.m */ = {isa = PBXFileReference; fileEncoding = 4; lastKnownFileType = sourcecode.c.objc; path = XXQuickLookService.m; sourceTree = "<group>"; };
		0F5DDE3B1D814ACE00BC4BDE /* FYPhotoAsset.h */ = {isa = PBXFileReference; fileEncoding = 4; lastKnownFileType = sourcecode.c.h; path = FYPhotoAsset.h; sourceTree = "<group>"; };
		0F5DDE3C1D814ACE00BC4BDE /* FYPhotoAsset.m */ = {isa = PBXFileReference; fileEncoding = 4; lastKnownFileType = sourcecode.c.objc; path = FYPhotoAsset.m; sourceTree = "<group>"; };
		0F5DDE3D1D814ACE00BC4BDE /* FYPhotoLibrary.h */ = {isa = PBXFileReference; fileEncoding = 4; lastKnownFileType = sourcecode.c.h; path = FYPhotoLibrary.h; sourceTree = "<group>"; };
		0F5DDE3E1D814ACE00BC4BDE /* FYPhotoLibrary.m */ = {isa = PBXFileReference; fileEncoding = 4; lastKnownFileType = sourcecode.c.objc; path = FYPhotoLibrary.m; sourceTree = "<group>"; };
		0F5DDE431D814B7E00BC4BDE /* ARSafariActivity.bundle */ = {isa = PBXFileReference; lastKnownFileType = "wrapper.plug-in"; path = ARSafariActivity.bundle; sourceTree = "<group>"; };
		0F5DDE441D814B7E00BC4BDE /* ARSafariActivity.h */ = {isa = PBXFileReference; fileEncoding = 4; lastKnownFileType = sourcecode.c.h; path = ARSafariActivity.h; sourceTree = "<group>"; };
		0F5DDE451D814B7E00BC4BDE /* ARSafariActivity.m */ = {isa = PBXFileReference; fileEncoding = 4; lastKnownFileType = sourcecode.c.objc; path = ARSafariActivity.m; sourceTree = "<group>"; };
		0F5DDE471D814B7E00BC4BDE /* SIAlertView.bundle */ = {isa = PBXFileReference; lastKnownFileType = "wrapper.plug-in"; path = SIAlertView.bundle; sourceTree = "<group>"; };
		0F5DDE481D814B7E00BC4BDE /* SIAlertView.h */ = {isa = PBXFileReference; fileEncoding = 4; lastKnownFileType = sourcecode.c.h; path = SIAlertView.h; sourceTree = "<group>"; };
		0F5DDE491D814B7E00BC4BDE /* SIAlertView.m */ = {isa = PBXFileReference; fileEncoding = 4; lastKnownFileType = sourcecode.c.objc; path = SIAlertView.m; sourceTree = "<group>"; };
		0F6459A11D85B36B00194057 /* XXKeyPressConfigTableViewController.h */ = {isa = PBXFileReference; fileEncoding = 4; lastKnownFileType = sourcecode.c.h; path = XXKeyPressConfigTableViewController.h; sourceTree = "<group>"; };
		0F6459A21D85B36B00194057 /* XXKeyPressConfigTableViewController.m */ = {isa = PBXFileReference; fileEncoding = 4; lastKnownFileType = sourcecode.c.objc; path = XXKeyPressConfigTableViewController.m; sourceTree = "<group>"; };
		0F6459A51D85B37D00194057 /* XXRecordConfigTableViewController.h */ = {isa = PBXFileReference; fileEncoding = 4; lastKnownFileType = sourcecode.c.h; path = XXRecordConfigTableViewController.h; sourceTree = "<group>"; };
		0F6459A61D85B37D00194057 /* XXRecordConfigTableViewController.m */ = {isa = PBXFileReference; fileEncoding = 4; lastKnownFileType = sourcecode.c.objc; path = XXRecordConfigTableViewController.m; sourceTree = "<group>"; };
		0F9852711D745D15001323AA /* XXLocalDefines.h */ = {isa = PBXFileReference; lastKnownFileType = sourcecode.c.h; path = XXLocalDefines.h; sourceTree = "<group>"; };
		0F98527F1D747410001323AA /* SystemDebugDefines.h */ = {isa = PBXFileReference; lastKnownFileType = sourcecode.c.h; path = SystemDebugDefines.h; sourceTree = "<group>"; };
		0F98529C1D748072001323AA /* Base */ = {isa = PBXFileReference; lastKnownFileType = file.storyboard; name = Base; path = Base.lproj/Main.storyboard; sourceTree = "<group>"; };
		0FB0A7891D73D80D00129E83 /* AppDelegate.h */ = {isa = PBXFileReference; fileEncoding = 4; lastKnownFileType = sourcecode.c.h; path = AppDelegate.h; sourceTree = "<group>"; };
		0FB0A78A1D73D80D00129E83 /* AppDelegate.m */ = {isa = PBXFileReference; fileEncoding = 4; lastKnownFileType = sourcecode.c.objc; path = AppDelegate.m; sourceTree = "<group>"; };
		0FB0A79E1D73DB7600129E83 /* Assets.xcassets */ = {isa = PBXFileReference; lastKnownFileType = folder.assetcatalog; path = Assets.xcassets; sourceTree = "<group>"; };
		0FB0A7AC1D73DBE400129E83 /* main.m */ = {isa = PBXFileReference; fileEncoding = 4; lastKnownFileType = sourcecode.c.objc; path = main.m; sourceTree = "<group>"; };
		0FB0A7CB1D7411CE00129E83 /* GlobalSettings.h */ = {isa = PBXFileReference; fileEncoding = 4; lastKnownFileType = sourcecode.c.h; path = GlobalSettings.h; sourceTree = "<group>"; };
		0FB0A7CC1D7411CE00129E83 /* GlobalSettings.m */ = {isa = PBXFileReference; fileEncoding = 4; lastKnownFileType = sourcecode.c.objc; path = GlobalSettings.m; sourceTree = "<group>"; };
		0FB0A7D21D741BA200129E83 /* SystemVersionDefines.h */ = {isa = PBXFileReference; fileEncoding = 4; lastKnownFileType = sourcecode.c.h; path = SystemVersionDefines.h; sourceTree = "<group>"; };
		0FB0A7D31D741C9F00129E83 /* SystemConstantsDefines.h */ = {isa = PBXFileReference; lastKnownFileType = sourcecode.c.h; path = SystemConstantsDefines.h; sourceTree = "<group>"; };
		0FB0A7D41D741CFB00129E83 /* AppDefines.pch */ = {isa = PBXFileReference; lastKnownFileType = sourcecode.c.h; name = AppDefines.pch; path = Defines/AppDefines.pch; sourceTree = "<group>"; };
		0FBC87961D7AC54600C9E419 /* NSFileManager+RealDestination.h */ = {isa = PBXFileReference; fileEncoding = 4; lastKnownFileType = sourcecode.c.h; path = "NSFileManager+RealDestination.h"; sourceTree = "<group>"; };
		0FBC87971D7AC54600C9E419 /* NSFileManager+RealDestination.m */ = {isa = PBXFileReference; fileEncoding = 4; lastKnownFileType = sourcecode.c.objc; path = "NSFileManager+RealDestination.m"; sourceTree = "<group>"; };
		0FC47E911D7698140076590B /* tos.html */ = {isa = PBXFileReference; fileEncoding = 4; lastKnownFileType = text.html; path = tos.html; sourceTree = "<group>"; };
		0FC47E931D7698220076590B /* open.html */ = {isa = PBXFileReference; fileEncoding = 4; lastKnownFileType = text.html; path = open.html; sourceTree = "<group>"; };
		0FC47E981D769EEF0076590B /* UrlDefines.h */ = {isa = PBXFileReference; lastKnownFileType = sourcecode.c.h; path = UrlDefines.h; sourceTree = "<group>"; };
		0FC47E991D76A2420076590B /* Social.framework */ = {isa = PBXFileReference; lastKnownFileType = wrapper.framework; name = Social.framework; path = System/Library/Frameworks/Social.framework; sourceTree = SDKROOT; };
		0FD1C29B1D73CC6D000A784E /* XXTouchApp.app */ = {isa = PBXFileReference; explicitFileType = wrapper.application; includeInIndex = 0; path = XXTouchApp.app; sourceTree = BUILT_PRODUCTS_DIR; };
		0FD1C2AF1D73CC6D000A784E /* Info.plist */ = {isa = PBXFileReference; lastKnownFileType = text.plist.xml; path = Info.plist; sourceTree = "<group>"; };
		0FE881CF1D75A9AD003907A7 /* XXLocalNetService.h */ = {isa = PBXFileReference; fileEncoding = 4; lastKnownFileType = sourcecode.c.h; path = XXLocalNetService.h; sourceTree = "<group>"; };
		0FE881D01D75A9AD003907A7 /* XXLocalNetService.m */ = {isa = PBXFileReference; fileEncoding = 4; lastKnownFileType = sourcecode.c.objc; path = XXLocalNetService.m; sourceTree = "<group>"; };
		0FE881D21D75ABE9003907A7 /* XXLocalDataService.h */ = {isa = PBXFileReference; fileEncoding = 4; lastKnownFileType = sourcecode.c.h; path = XXLocalDataService.h; sourceTree = "<group>"; };
		0FE881D31D75ABE9003907A7 /* XXLocalDataService.m */ = {isa = PBXFileReference; fileEncoding = 4; lastKnownFileType = sourcecode.c.objc; path = XXLocalDataService.m; sourceTree = "<group>"; };
		6A32183C509C99D78171BEA1 /* Pods-XXTouchApp.release.xcconfig */ = {isa = PBXFileReference; includeInIndex = 1; lastKnownFileType = text.xcconfig; name = "Pods-XXTouchApp.release.xcconfig"; path = "Pods/Target Support Files/Pods-XXTouchApp/Pods-XXTouchApp.release.xcconfig"; sourceTree = "<group>"; };
		AC405549C106997C9860AE5F /* Pods-XXTouchApp.debug.xcconfig */ = {isa = PBXFileReference; includeInIndex = 1; lastKnownFileType = text.xcconfig; name = "Pods-XXTouchApp.debug.xcconfig"; path = "Pods/Target Support Files/Pods-XXTouchApp/Pods-XXTouchApp.debug.xcconfig"; sourceTree = "<group>"; };
		AC6DCBE457CEBB0E56A084B8 /* Pods_XXTouchApp.framework */ = {isa = PBXFileReference; explicitFileType = wrapper.framework; includeInIndex = 0; path = Pods_XXTouchApp.framework; sourceTree = BUILT_PRODUCTS_DIR; };
/* End PBXFileReference section */

/* Begin PBXFrameworksBuildPhase section */
		0FD1C2981D73CC6D000A784E /* Frameworks */ = {
			isa = PBXFrameworksBuildPhase;
			buildActionMask = 2147483647;
			files = (
				0F5D1F5C1D7E525F0061A954 /* AVKit.framework in Frameworks */,
				0F5D1F5A1D7E51020061A954 /* MediaPlayer.framework in Frameworks */,
				0F5D1F551D7E3FED0061A954 /* AssetsLibrary.framework in Frameworks */,
				0F55538C1D7D4DBA00D8A8A6 /* Photos.framework in Frameworks */,
				95055808A81D28EF5D3CB898 /* Pods_XXTouchApp.framework in Frameworks */,
			);
			runOnlyForDeploymentPostprocessing = 0;
		};
/* End PBXFrameworksBuildPhase section */

/* Begin PBXGroup section */
		0F25D7DE1D83A0170056826B /* Authorization */ = {
			isa = PBXGroup;
			children = (
				0F25D7DF1D83A0290056826B /* XXAuthorizationTableViewController.h */,
				0F25D7E01D83A0290056826B /* XXAuthorizationTableViewController.m */,
			);
			path = Authorization;
			sourceTree = "<group>";
		};
		0F25D7E21D84F5A50056826B /* Application */ = {
			isa = PBXGroup;
			children = (
				0F25D7E61D84FED90056826B /* XXApplicationTableViewCell.h */,
				0F25D7E71D84FED90056826B /* XXApplicationTableViewCell.m */,
				0F25D7E31D84F5B00056826B /* XXApplicationListTableViewController.h */,
				0F25D7E41D84F5B00056826B /* XXApplicationListTableViewController.m */,
				0F25D7E91D8501C40056826B /* XXApplicationDetailTableViewController.h */,
				0F25D7EA1D8501C40056826B /* XXApplicationDetailTableViewController.m */,
			);
			path = Application;
			sourceTree = "<group>";
		};
		0F302D2B1D74578E001E566A /* Catalogs */ = {
			isa = PBXGroup;
			children = (
				0FBC87961D7AC54600C9E419 /* NSFileManager+RealDestination.h */,
				0FBC87971D7AC54600C9E419 /* NSFileManager+RealDestination.m */,
				0F5553901D7D50DB00D8A8A6 /* UIImage+ProportionalFill.h */,
				0F5553911D7D50DB00D8A8A6 /* UIImage+ProportionalFill.m */,
				0F5D1F511D7E3F610061A954 /* ALAssetsLibrary+CustomPhotoAlbum.h */,
				0F5D1F521D7E3F610061A954 /* ALAssetsLibrary+CustomPhotoAlbum.m */,
				0F55538D1D7D4E6000D8A8A6 /* PHPhotoLibrary+CustomPhotoCollection.h */,
				0F55538E1D7D4E6000D8A8A6 /* PHPhotoLibrary+CustomPhotoCollection.m */,
				0F5029081D79910B0019FC8D /* NSString+Mime.h */,
				0F5029091D79910B0019FC8D /* NSString+Mime.m */,
				0F2935F01D797E0400E41A29 /* NSString+Regexp.h */,
				0F2935F11D797E0400E41A29 /* NSString+Regexp.m */,
				0F302D2C1D74578E001E566A /* UINavigationController+StatusBar.h */,
				0F302D2D1D74578E001E566A /* UINavigationController+StatusBar.m */,
				0F302D2F1D7457D4001E566A /* UINavigationController+FDFullscreenPopGesture.h */,
				0F302D301D7457D4001E566A /* UINavigationController+FDFullscreenPopGesture.m */,
				0F5D1F561D7E41190061A954 /* ALAssetsLibrary+SingleInstance.h */,
				0F5D1F571D7E41190061A954 /* ALAssetsLibrary+SingleInstance.m */,
			);
			path = Catalogs;
			sourceTree = "<group>";
		};
		0F5553931D7D512600D8A8A6 /* Libraries */ = {
			isa = PBXGroup;
			children = (
				0F5DDE3A1D814ACE00BC4BDE /* FYPhotoLibrary */,
			);
			path = Libraries;
			sourceTree = "<group>";
		};
		0F5DDE081D81496800BC4BDE /* XXScriptList */ = {
			isa = PBXGroup;
			children = (
				0F5DDE091D81496800BC4BDE /* DetailViewControllers */,
				0F5DDE0E1D81496800BC4BDE /* SwipeableCell */,
				0F5DDE111D81496800BC4BDE /* Toolbar */,
				0F5DDE141D81496800BC4BDE /* XXScriptListTableViewController.h */,
				0F5DDE151D81496800BC4BDE /* XXScriptListTableViewController.m */,
			);
			path = XXScriptList;
			sourceTree = "<group>";
		};
		0F5DDE091D81496800BC4BDE /* DetailViewControllers */ = {
			isa = PBXGroup;
			children = (
				0F5DDE0A1D81496800BC4BDE /* XXCreateItemTableViewController.h */,
				0F5DDE0B1D81496800BC4BDE /* XXCreateItemTableViewController.m */,
				0F5DDE0C1D81496800BC4BDE /* XXItemAttributesTableViewController.h */,
				0F5DDE0D1D81496800BC4BDE /* XXItemAttributesTableViewController.m */,
			);
			path = DetailViewControllers;
			sourceTree = "<group>";
		};
		0F5DDE0E1D81496800BC4BDE /* SwipeableCell */ = {
			isa = PBXGroup;
			children = (
				0F5DDE0F1D81496800BC4BDE /* XXSwipeableCell.h */,
				0F5DDE101D81496800BC4BDE /* XXSwipeableCell.m */,
			);
			path = SwipeableCell;
			sourceTree = "<group>";
		};
		0F5DDE111D81496800BC4BDE /* Toolbar */ = {
			isa = PBXGroup;
			children = (
				0F5DDE121D81496800BC4BDE /* XXToolbar.h */,
				0F5DDE131D81496800BC4BDE /* XXToolbar.m */,
			);
			path = Toolbar;
			sourceTree = "<group>";
		};
		0F5DDE1B1D8149B100BC4BDE /* XXSettings */ = {
			isa = PBXGroup;
			children = (
				0F6459A41D85B36E00194057 /* Record */,
				0F6459A01D85B36B00194057 /* KeyPress */,
				0F25D7E21D84F5A50056826B /* Application */,
				0F25D7DE1D83A0170056826B /* Authorization */,
				0F5DDE1C1D8149B100BC4BDE /* Help */,
				0F5DDE211D8149B100BC4BDE /* XXSettingsTableViewController.h */,
				0F5DDE221D8149B100BC4BDE /* XXSettingsTableViewController.m */,
			);
			path = XXSettings;
			sourceTree = "<group>";
		};
		0F5DDE1C1D8149B100BC4BDE /* Help */ = {
			isa = PBXGroup;
			children = (
				0F5DDE1D1D8149B100BC4BDE /* XXAboutTableViewController.h */,
				0F5DDE1E1D8149B100BC4BDE /* XXAboutTableViewController.m */,
				0F5DDE1F1D8149B100BC4BDE /* XXDocumentsTableViewController.h */,
				0F5DDE201D8149B100BC4BDE /* XXDocumentsTableViewController.m */,
			);
			path = Help;
			sourceTree = "<group>";
		};
		0F5DDE261D8149BE00BC4BDE /* XXCommon */ = {
			isa = PBXGroup;
			children = (
				0F5DDE411D814B7E00BC4BDE /* Views */,
				0F5DDE271D8149BE00BC4BDE /* XXEmptyNavigationController.h */,
				0F5DDE281D8149BE00BC4BDE /* XXEmptyNavigationController.m */,
				0F5DDE2D1D8149BE00BC4BDE /* XXWebViewController.h */,
				0F5DDE2E1D8149BE00BC4BDE /* XXWebViewController.m */,
				0F5DDE291D8149BE00BC4BDE /* XXMainTabbarViewController.h */,
				0F5DDE2A1D8149BE00BC4BDE /* XXMainTabbarViewController.m */,
				0F5DDE2B1D8149BE00BC4BDE /* XXNavigationViewController.h */,
				0F5DDE2C1D8149BE00BC4BDE /* XXNavigationViewController.m */,
			);
			path = XXCommon;
			sourceTree = "<group>";
		};
		0F5DDE331D814A1600BC4BDE /* ScriptRelated */ = {
			isa = PBXGroup;
			children = (
				0F5DDE341D814A3100BC4BDE /* XXArchiveService.h */,
				0F5DDE351D814A3100BC4BDE /* XXArchiveService.m */,
				0F5DDE361D814A3100BC4BDE /* XXQuickLookService.h */,
				0F5DDE371D814A3100BC4BDE /* XXQuickLookService.m */,
			);
			path = ScriptRelated;
			sourceTree = "<group>";
		};
		0F5DDE3A1D814ACE00BC4BDE /* FYPhotoLibrary */ = {
			isa = PBXGroup;
			children = (
				0F5DDE3B1D814ACE00BC4BDE /* FYPhotoAsset.h */,
				0F5DDE3C1D814ACE00BC4BDE /* FYPhotoAsset.m */,
				0F5DDE3D1D814ACE00BC4BDE /* FYPhotoLibrary.h */,
				0F5DDE3E1D814ACE00BC4BDE /* FYPhotoLibrary.m */,
			);
			path = FYPhotoLibrary;
			sourceTree = "<group>";
		};
		0F5DDE411D814B7E00BC4BDE /* Views */ = {
			isa = PBXGroup;
			children = (
				0F5DDE421D814B7E00BC4BDE /* ARSafariActivity */,
				0F5DDE461D814B7E00BC4BDE /* SIAlertView */,
			);
			path = Views;
			sourceTree = "<group>";
		};
		0F5DDE421D814B7E00BC4BDE /* ARSafariActivity */ = {
			isa = PBXGroup;
			children = (
				0F5DDE431D814B7E00BC4BDE /* ARSafariActivity.bundle */,
				0F5DDE441D814B7E00BC4BDE /* ARSafariActivity.h */,
				0F5DDE451D814B7E00BC4BDE /* ARSafariActivity.m */,
			);
			path = ARSafariActivity;
			sourceTree = "<group>";
		};
		0F5DDE461D814B7E00BC4BDE /* SIAlertView */ = {
			isa = PBXGroup;
			children = (
				0F5DDE471D814B7E00BC4BDE /* SIAlertView.bundle */,
				0F5DDE481D814B7E00BC4BDE /* SIAlertView.h */,
				0F5DDE491D814B7E00BC4BDE /* SIAlertView.m */,
			);
			path = SIAlertView;
			sourceTree = "<group>";
		};
		0F6459A01D85B36B00194057 /* KeyPress */ = {
			isa = PBXGroup;
			children = (
				0F6459A11D85B36B00194057 /* XXKeyPressConfigTableViewController.h */,
				0F6459A21D85B36B00194057 /* XXKeyPressConfigTableViewController.m */,
			);
			path = KeyPress;
			sourceTree = "<group>";
		};
		0F6459A41D85B36E00194057 /* Record */ = {
			isa = PBXGroup;
			children = (
				0F6459A51D85B37D00194057 /* XXRecordConfigTableViewController.h */,
				0F6459A61D85B37D00194057 /* XXRecordConfigTableViewController.m */,
			);
			path = Record;
			sourceTree = "<group>";
		};
		0F9852681D745B84001323AA /* Models */ = {
			isa = PBXGroup;
			children = (
			);
			path = Models;
			sourceTree = "<group>";
		};
		0F9852691D745B84001323AA /* Services */ = {
			isa = PBXGroup;
			children = (
				0F5DDE331D814A1600BC4BDE /* ScriptRelated */,
				0F9852711D745D15001323AA /* XXLocalDefines.h */,
				0FE881CF1D75A9AD003907A7 /* XXLocalNetService.h */,
				0FE881D01D75A9AD003907A7 /* XXLocalNetService.m */,
				0FE881D21D75ABE9003907A7 /* XXLocalDataService.h */,
				0FE881D31D75ABE9003907A7 /* XXLocalDataService.m */,
			);
			path = Services;
			sourceTree = "<group>";
		};
		0FB0A7881D73D80D00129E83 /* Global */ = {
			isa = PBXGroup;
			children = (
				0FB0A7D41D741CFB00129E83 /* AppDefines.pch */,
				0FB0A7891D73D80D00129E83 /* AppDelegate.h */,
				0FB0A78A1D73D80D00129E83 /* AppDelegate.m */,
				0FB0A7CB1D7411CE00129E83 /* GlobalSettings.h */,
				0FB0A7CC1D7411CE00129E83 /* GlobalSettings.m */,
				0F5553931D7D512600D8A8A6 /* Libraries */,
				0F302D2B1D74578E001E566A /* Catalogs */,
				0FB0A7D01D741BA200129E83 /* Defines */,
			);
			path = Global;
			sourceTree = "<group>";
		};
		0FB0A78B1D73D80D00129E83 /* ViewControllers */ = {
			isa = PBXGroup;
			children = (
				0F5DDE261D8149BE00BC4BDE /* XXCommon */,
				0F5DDE081D81496800BC4BDE /* XXScriptList */,
				0F5DDE1B1D8149B100BC4BDE /* XXSettings */,
			);
			path = ViewControllers;
			sourceTree = "<group>";
		};
		0FB0A79D1D73DB7600129E83 /* Resources */ = {
			isa = PBXGroup;
			children = (
				0FB0A7A01D73DB9F00129E83 /* International */,
				0FB0A79E1D73DB7600129E83 /* Assets.xcassets */,
			);
			path = Resources;
			sourceTree = "<group>";
		};
		0FB0A7A01D73DB9F00129E83 /* International */ = {
			isa = PBXGroup;
			children = (
				0F98529B1D748072001323AA /* Main.storyboard */,
				0FC47E881D7690540076590B /* Scenes */,
			);
			path = International;
			sourceTree = "<group>";
		};
		0FB0A7D01D741BA200129E83 /* Defines */ = {
			isa = PBXGroup;
			children = (
				0F98527F1D747410001323AA /* SystemDebugDefines.h */,
				0FB0A7D21D741BA200129E83 /* SystemVersionDefines.h */,
				0FB0A7D31D741C9F00129E83 /* SystemConstantsDefines.h */,
				0F302D2A1D745751001E566A /* StyleDefines.h */,
				0FC47E981D769EEF0076590B /* UrlDefines.h */,
			);
			path = Defines;
			sourceTree = "<group>";
		};
		0FC47E881D7690540076590B /* Scenes */ = {
			isa = PBXGroup;
			children = (
				0FC47E931D7698220076590B /* open.html */,
				0FC47E911D7698140076590B /* tos.html */,
			);
			path = Scenes;
			sourceTree = "<group>";
		};
		0FD1C2921D73CC6C000A784E = {
			isa = PBXGroup;
			children = (
				0FD1C29D1D73CC6D000A784E /* XXTouchApp */,
				0FD1C29C1D73CC6D000A784E /* Products */,
				E8BB9045BA67513F87B7DBE9 /* Pods */,
				7FB225FCAC06A2A9A6A98656 /* Frameworks */,
			);
			sourceTree = "<group>";
		};
		0FD1C29C1D73CC6D000A784E /* Products */ = {
			isa = PBXGroup;
			children = (
				0FD1C29B1D73CC6D000A784E /* XXTouchApp.app */,
			);
			name = Products;
			sourceTree = "<group>";
		};
		0FD1C29D1D73CC6D000A784E /* XXTouchApp */ = {
			isa = PBXGroup;
			children = (
				0FB0A79D1D73DB7600129E83 /* Resources */,
				0FB0A7881D73D80D00129E83 /* Global */,
				0F9852681D745B84001323AA /* Models */,
				0F9852691D745B84001323AA /* Services */,
				0FB0A78B1D73D80D00129E83 /* ViewControllers */,
				0FD1C2AF1D73CC6D000A784E /* Info.plist */,
				0FB0A7AC1D73DBE400129E83 /* main.m */,
			);
			path = XXTouchApp;
			sourceTree = "<group>";
		};
		7FB225FCAC06A2A9A6A98656 /* Frameworks */ = {
			isa = PBXGroup;
			children = (
				0F5D1F5B1D7E525F0061A954 /* AVKit.framework */,
				0F5D1F591D7E51020061A954 /* MediaPlayer.framework */,
				0F5D1F541D7E3FED0061A954 /* AssetsLibrary.framework */,
				0F55538B1D7D4DBA00D8A8A6 /* Photos.framework */,
				0FC47E991D76A2420076590B /* Social.framework */,
				AC6DCBE457CEBB0E56A084B8 /* Pods_XXTouchApp.framework */,
			);
			name = Frameworks;
			sourceTree = "<group>";
		};
		E8BB9045BA67513F87B7DBE9 /* Pods */ = {
			isa = PBXGroup;
			children = (
				AC405549C106997C9860AE5F /* Pods-XXTouchApp.debug.xcconfig */,
				6A32183C509C99D78171BEA1 /* Pods-XXTouchApp.release.xcconfig */,
			);
			name = Pods;
			sourceTree = "<group>";
		};
/* End PBXGroup section */

/* Begin PBXNativeTarget section */
		0FD1C29A1D73CC6D000A784E /* XXTouchApp */ = {
			isa = PBXNativeTarget;
			buildConfigurationList = 0FD1C2B21D73CC6D000A784E /* Build configuration list for PBXNativeTarget "XXTouchApp" */;
			buildPhases = (
				FD605E651055BA2ED4A1496D /* Check Pods Manifest.lock */,
				0FD1C2971D73CC6D000A784E /* Sources */,
				0FD1C2981D73CC6D000A784E /* Frameworks */,
				0FD1C2991D73CC6D000A784E /* Resources */,
				2E957E7B84CDEB356ECD3E6F /* Embed Pods Frameworks */,
				F90C0599FF4662AB633741D6 /* Copy Pods Resources */,
			);
			buildRules = (
			);
			dependencies = (
			);
			name = XXTouchApp;
			productName = XXTouchApp;
			productReference = 0FD1C29B1D73CC6D000A784E /* XXTouchApp.app */;
			productType = "com.apple.product-type.application";
		};
/* End PBXNativeTarget section */

/* Begin PBXProject section */
		0FD1C2931D73CC6C000A784E /* Project object */ = {
			isa = PBXProject;
			attributes = {
				CLASSPREFIX = XX;
				LastUpgradeCheck = 0730;
				ORGANIZATIONNAME = Zheng;
				TargetAttributes = {
					0FD1C29A1D73CC6D000A784E = {
						CreatedOnToolsVersion = 7.3;
						DevelopmentTeam = GXZ23M5TP2;
						SystemCapabilities = {
							com.apple.Push = {
								enabled = 1;
							};
						};
					};
				};
			};
			buildConfigurationList = 0FD1C2961D73CC6C000A784E /* Build configuration list for PBXProject "XXTouchApp" */;
			compatibilityVersion = "Xcode 6.3";
			developmentRegion = English;
			hasScannedForEncodings = 0;
			knownRegions = (
				en,
				Base,
				"zh-Hans",
				"zh-Hant",
			);
			mainGroup = 0FD1C2921D73CC6C000A784E;
			productRefGroup = 0FD1C29C1D73CC6D000A784E /* Products */;
			projectDirPath = "";
			projectRoot = "";
			targets = (
				0FD1C29A1D73CC6D000A784E /* XXTouchApp */,
			);
		};
/* End PBXProject section */

/* Begin PBXResourcesBuildPhase section */
		0FD1C2991D73CC6D000A784E /* Resources */ = {
			isa = PBXResourcesBuildPhase;
			buildActionMask = 2147483647;
			files = (
				0FC47E941D7698220076590B /* open.html in Resources */,
				0F5DDE4C1D814B7E00BC4BDE /* SIAlertView.bundle in Resources */,
				0FC47E921D7698140076590B /* tos.html in Resources */,
				0FB0A79F1D73DB7600129E83 /* Assets.xcassets in Resources */,
				0F98529D1D748072001323AA /* Main.storyboard in Resources */,
				0F5DDE4A1D814B7E00BC4BDE /* ARSafariActivity.bundle in Resources */,
			);
			runOnlyForDeploymentPostprocessing = 0;
		};
/* End PBXResourcesBuildPhase section */

/* Begin PBXShellScriptBuildPhase section */
		2E957E7B84CDEB356ECD3E6F /* Embed Pods Frameworks */ = {
			isa = PBXShellScriptBuildPhase;
			buildActionMask = 2147483647;
			files = (
			);
			inputPaths = (
			);
			name = "Embed Pods Frameworks";
			outputPaths = (
			);
			runOnlyForDeploymentPostprocessing = 0;
			shellPath = /bin/sh;
			shellScript = "\"${SRCROOT}/Pods/Target Support Files/Pods-XXTouchApp/Pods-XXTouchApp-frameworks.sh\"\n";
			showEnvVarsInLog = 0;
		};
		F90C0599FF4662AB633741D6 /* Copy Pods Resources */ = {
			isa = PBXShellScriptBuildPhase;
			buildActionMask = 2147483647;
			files = (
			);
			inputPaths = (
			);
			name = "Copy Pods Resources";
			outputPaths = (
			);
			runOnlyForDeploymentPostprocessing = 0;
			shellPath = /bin/sh;
			shellScript = "\"${SRCROOT}/Pods/Target Support Files/Pods-XXTouchApp/Pods-XXTouchApp-resources.sh\"\n";
			showEnvVarsInLog = 0;
		};
		FD605E651055BA2ED4A1496D /* Check Pods Manifest.lock */ = {
			isa = PBXShellScriptBuildPhase;
			buildActionMask = 2147483647;
			files = (
			);
			inputPaths = (
			);
			name = "Check Pods Manifest.lock";
			outputPaths = (
			);
			runOnlyForDeploymentPostprocessing = 0;
			shellPath = /bin/sh;
			shellScript = "diff \"${PODS_ROOT}/../Podfile.lock\" \"${PODS_ROOT}/Manifest.lock\" > /dev/null\nif [[ $? != 0 ]] ; then\n    cat << EOM\nerror: The sandbox is not in sync with the Podfile.lock. Run 'pod install' or update your CocoaPods installation.\nEOM\n    exit 1\nfi\n";
			showEnvVarsInLog = 0;
		};
/* End PBXShellScriptBuildPhase section */

/* Begin PBXSourcesBuildPhase section */
		0FD1C2971D73CC6D000A784E /* Sources */ = {
			isa = PBXSourcesBuildPhase;
			buildActionMask = 2147483647;
			files = (
				0FB0A78E1D73D80D00129E83 /* AppDelegate.m in Sources */,
				0F5DDE391D814A3100BC4BDE /* XXQuickLookService.m in Sources */,
				0F5DDE251D8149B100BC4BDE /* XXSettingsTableViewController.m in Sources */,
				0F5DDE4B1D814B7E00BC4BDE /* ARSafariActivity.m in Sources */,
				0FB0A7AD1D73DBE400129E83 /* main.m in Sources */,
				0F5DDE3F1D814ACE00BC4BDE /* FYPhotoAsset.m in Sources */,
				0F25D7E51D84F5B00056826B /* XXApplicationListTableViewController.m in Sources */,
				0FE881D41D75ABE9003907A7 /* XXLocalDataService.m in Sources */,
				0F5DDE231D8149B100BC4BDE /* XXAboutTableViewController.m in Sources */,
				0F5D1F581D7E41190061A954 /* ALAssetsLibrary+SingleInstance.m in Sources */,
				0F5DDE401D814ACE00BC4BDE /* FYPhotoLibrary.m in Sources */,
				0F5553921D7D50DB00D8A8A6 /* UIImage+ProportionalFill.m in Sources */,
				0F6459A71D85B37D00194057 /* XXRecordConfigTableViewController.m in Sources */,
				0F5DDE311D8149BE00BC4BDE /* XXNavigationViewController.m in Sources */,
				0FBC87981D7AC54600C9E419 /* NSFileManager+RealDestination.m in Sources */,
				0F5DDE1A1D81496800BC4BDE /* XXScriptListTableViewController.m in Sources */,
				0F25D7E81D84FED90056826B /* XXApplicationTableViewCell.m in Sources */,
				0F302D311D7457D4001E566A /* UINavigationController+FDFullscreenPopGesture.m in Sources */,
				0F5DDE171D81496800BC4BDE /* XXItemAttributesTableViewController.m in Sources */,
				0F5DDE2F1D8149BE00BC4BDE /* XXEmptyNavigationController.m in Sources */,
				0F5D1F531D7E3F610061A954 /* ALAssetsLibrary+CustomPhotoAlbum.m in Sources */,
				0F6459A31D85B36B00194057 /* XXKeyPressConfigTableViewController.m in Sources */,
				0F5DDE191D81496800BC4BDE /* XXToolbar.m in Sources */,
				0F5DDE241D8149B100BC4BDE /* XXDocumentsTableViewController.m in Sources */,
				0F50290A1D79910B0019FC8D /* NSString+Mime.m in Sources */,
				0FB0A7CD1D7411CE00129E83 /* GlobalSettings.m in Sources */,
				0F25D7E11D83A0290056826B /* XXAuthorizationTableViewController.m in Sources */,
				0F25D7EB1D8501C40056826B /* XXApplicationDetailTableViewController.m in Sources */,
				0F5DDE181D81496800BC4BDE /* XXSwipeableCell.m in Sources */,
				0F5DDE4D1D814B7E00BC4BDE /* SIAlertView.m in Sources */,
				0F5DDE301D8149BE00BC4BDE /* XXMainTabbarViewController.m in Sources */,
				0F5DDE381D814A3100BC4BDE /* XXArchiveService.m in Sources */,
				0F2935F21D797E0400E41A29 /* NSString+Regexp.m in Sources */,
				0F5DDE161D81496800BC4BDE /* XXCreateItemTableViewController.m in Sources */,
				0F55538F1D7D4E6000D8A8A6 /* PHPhotoLibrary+CustomPhotoCollection.m in Sources */,
				0FE881D11D75A9AD003907A7 /* XXLocalNetService.m in Sources */,
				0F5DDE321D8149BE00BC4BDE /* XXWebViewController.m in Sources */,
				0F302D2E1D74578E001E566A /* UINavigationController+StatusBar.m in Sources */,
			);
			runOnlyForDeploymentPostprocessing = 0;
		};
/* End PBXSourcesBuildPhase section */

/* Begin PBXVariantGroup section */
		0F98529B1D748072001323AA /* Main.storyboard */ = {
			isa = PBXVariantGroup;
			children = (
				0F98529C1D748072001323AA /* Base */,
			);
			name = Main.storyboard;
			sourceTree = "<group>";
		};
/* End PBXVariantGroup section */

/* Begin XCBuildConfiguration section */
		0FD1C2B01D73CC6D000A784E /* Debug */ = {
			isa = XCBuildConfiguration;
			buildSettings = {
				ALWAYS_SEARCH_USER_PATHS = NO;
				CLANG_ANALYZER_NONNULL = YES;
				CLANG_CXX_LANGUAGE_STANDARD = "gnu++0x";
				CLANG_CXX_LIBRARY = "libc++";
				CLANG_ENABLE_MODULES = YES;
				CLANG_ENABLE_OBJC_ARC = YES;
				CLANG_WARN_BOOL_CONVERSION = YES;
				CLANG_WARN_CONSTANT_CONVERSION = YES;
				CLANG_WARN_DIRECT_OBJC_ISA_USAGE = YES_ERROR;
				CLANG_WARN_EMPTY_BODY = YES;
				CLANG_WARN_ENUM_CONVERSION = YES;
				CLANG_WARN_INT_CONVERSION = YES;
				CLANG_WARN_OBJC_ROOT_CLASS = YES_ERROR;
				CLANG_WARN_UNREACHABLE_CODE = YES;
				CLANG_WARN__DUPLICATE_METHOD_MATCH = YES;
				"CODE_SIGN_IDENTITY[sdk=iphoneos*]" = "iPhone Developer";
				COPY_PHASE_STRIP = NO;
				DEBUG_INFORMATION_FORMAT = dwarf;
				ENABLE_BITCODE = YES;
				ENABLE_STRICT_OBJC_MSGSEND = YES;
				ENABLE_TESTABILITY = YES;
				GCC_C_LANGUAGE_STANDARD = gnu99;
				GCC_DYNAMIC_NO_PIC = NO;
				GCC_NO_COMMON_BLOCKS = YES;
				GCC_OPTIMIZATION_LEVEL = 0;
				GCC_PREFIX_HEADER = "$(SRCROOT)/XXTouchApp/Global/Defines/AppDefines.pch";
				GCC_PREPROCESSOR_DEFINITIONS = (
					"DEBUG=1",
					"$(inherited)",
				);
				GCC_WARN_64_TO_32_BIT_CONVERSION = YES;
				GCC_WARN_ABOUT_RETURN_TYPE = YES_ERROR;
				GCC_WARN_UNDECLARED_SELECTOR = YES;
				GCC_WARN_UNINITIALIZED_AUTOS = YES_AGGRESSIVE;
				GCC_WARN_UNUSED_FUNCTION = YES;
				GCC_WARN_UNUSED_VARIABLE = YES;
				IPHONEOS_DEPLOYMENT_TARGET = 7.0;
				MTL_ENABLE_DEBUG_INFO = YES;
				ONLY_ACTIVE_ARCH = YES;
				SDKROOT = iphoneos;
				TARGETED_DEVICE_FAMILY = "1,2";
			};
			name = Debug;
		};
		0FD1C2B11D73CC6D000A784E /* Release */ = {
			isa = XCBuildConfiguration;
			buildSettings = {
				ALWAYS_SEARCH_USER_PATHS = NO;
				CLANG_ANALYZER_NONNULL = YES;
				CLANG_CXX_LANGUAGE_STANDARD = "gnu++0x";
				CLANG_CXX_LIBRARY = "libc++";
				CLANG_ENABLE_MODULES = YES;
				CLANG_ENABLE_OBJC_ARC = YES;
				CLANG_WARN_BOOL_CONVERSION = YES;
				CLANG_WARN_CONSTANT_CONVERSION = YES;
				CLANG_WARN_DIRECT_OBJC_ISA_USAGE = YES_ERROR;
				CLANG_WARN_EMPTY_BODY = YES;
				CLANG_WARN_ENUM_CONVERSION = YES;
				CLANG_WARN_INT_CONVERSION = YES;
				CLANG_WARN_OBJC_ROOT_CLASS = YES_ERROR;
				CLANG_WARN_UNREACHABLE_CODE = YES;
				CLANG_WARN__DUPLICATE_METHOD_MATCH = YES;
				"CODE_SIGN_IDENTITY[sdk=iphoneos*]" = "iPhone Developer";
				COPY_PHASE_STRIP = NO;
				DEBUG_INFORMATION_FORMAT = "dwarf-with-dsym";
				ENABLE_BITCODE = YES;
				ENABLE_NS_ASSERTIONS = NO;
				ENABLE_STRICT_OBJC_MSGSEND = YES;
				GCC_C_LANGUAGE_STANDARD = gnu99;
				GCC_NO_COMMON_BLOCKS = YES;
				GCC_PREFIX_HEADER = "$(SRCROOT)/XXTouchApp/Global/Defines/AppDefines.pch";
				GCC_WARN_64_TO_32_BIT_CONVERSION = YES;
				GCC_WARN_ABOUT_RETURN_TYPE = YES_ERROR;
				GCC_WARN_UNDECLARED_SELECTOR = YES;
				GCC_WARN_UNINITIALIZED_AUTOS = YES_AGGRESSIVE;
				GCC_WARN_UNUSED_FUNCTION = YES;
				GCC_WARN_UNUSED_VARIABLE = YES;
				IPHONEOS_DEPLOYMENT_TARGET = 7.0;
				MTL_ENABLE_DEBUG_INFO = NO;
				SDKROOT = iphoneos;
				TARGETED_DEVICE_FAMILY = "1,2";
				VALIDATE_PRODUCT = YES;
			};
			name = Release;
		};
		0FD1C2B31D73CC6D000A784E /* Debug */ = {
			isa = XCBuildConfiguration;
			baseConfigurationReference = AC405549C106997C9860AE5F /* Pods-XXTouchApp.debug.xcconfig */;
			buildSettings = {
				ASSETCATALOG_COMPILER_APPICON_NAME = AppIcon;
				ASSETCATALOG_COMPILER_LAUNCHIMAGE_NAME = LaunchImage;
				CODE_SIGN_IDENTITY = "iPhone Developer: Zheng Wu (253D9QR4TP)";
				ENABLE_BITCODE = YES;
				INFOPLIST_FILE = XXTouchApp/Info.plist;
				IPHONEOS_DEPLOYMENT_TARGET = 7.0;
				LD_RUNPATH_SEARCH_PATHS = "$(inherited) @executable_path/Frameworks";
				PRODUCT_BUNDLE_IDENTIFIER = com.xxtouch.XXTouchApp;
				PRODUCT_NAME = "$(TARGET_NAME)";
				PROVISIONING_PROFILE = "bec83291-9960-4e34-8faf-7970ad61f015";
				VALID_ARCHS = "armv7 armv7s arm64";
			};
			name = Debug;
		};
		0FD1C2B41D73CC6D000A784E /* Release */ = {
			isa = XCBuildConfiguration;
			baseConfigurationReference = 6A32183C509C99D78171BEA1 /* Pods-XXTouchApp.release.xcconfig */;
			buildSettings = {
				ASSETCATALOG_COMPILER_APPICON_NAME = AppIcon;
				ASSETCATALOG_COMPILER_LAUNCHIMAGE_NAME = LaunchImage;
				CODE_SIGN_IDENTITY = "iPhone Developer: Zheng Wu (253D9QR4TP)";
				ENABLE_BITCODE = YES;
				INFOPLIST_FILE = XXTouchApp/Info.plist;
				IPHONEOS_DEPLOYMENT_TARGET = 7.0;
				LD_RUNPATH_SEARCH_PATHS = "$(inherited) @executable_path/Frameworks";
				PRODUCT_BUNDLE_IDENTIFIER = com.xxtouch.XXTouchApp;
				PRODUCT_NAME = "$(TARGET_NAME)";
				PROVISIONING_PROFILE = "bec83291-9960-4e34-8faf-7970ad61f015";
				VALID_ARCHS = "armv7 armv7s arm64";
			};
			name = Release;
		};
/* End XCBuildConfiguration section */

/* Begin XCConfigurationList section */
		0FD1C2961D73CC6C000A784E /* Build configuration list for PBXProject "XXTouchApp" */ = {
			isa = XCConfigurationList;
			buildConfigurations = (
				0FD1C2B01D73CC6D000A784E /* Debug */,
				0FD1C2B11D73CC6D000A784E /* Release */,
			);
			defaultConfigurationIsVisible = 0;
			defaultConfigurationName = Release;
		};
		0FD1C2B21D73CC6D000A784E /* Build configuration list for PBXNativeTarget "XXTouchApp" */ = {
			isa = XCConfigurationList;
			buildConfigurations = (
				0FD1C2B31D73CC6D000A784E /* Debug */,
				0FD1C2B41D73CC6D000A784E /* Release */,
			);
			defaultConfigurationIsVisible = 0;
			defaultConfigurationName = Release;
		};
/* End XCConfigurationList section */
	};
	rootObject = 0FD1C2931D73CC6C000A784E /* Project object */;
}
