// !$*UTF8*$!
{
	archiveVersion = 1;
	classes = {
	};
	objectVersion = 47;
	objects = {

/* Begin PBXBuildFile section */
		0F302D2E1D74578E001E566A /* UINavigationController+StatusBar.m in Sources */ = {isa = PBXBuildFile; fileRef = 0F302D2D1D74578E001E566A /* UINavigationController+StatusBar.m */; };
		0F302D311D7457D4001E566A /* UINavigationController+FDFullscreenPopGesture.m in Sources */ = {isa = PBXBuildFile; fileRef = 0F302D301D7457D4001E566A /* UINavigationController+FDFullscreenPopGesture.m */; };
		0F9852701D745CC3001323AA /* XXLocalCommandBaseRequest.m in Sources */ = {isa = PBXBuildFile; fileRef = 0F98526F1D745CC3001323AA /* XXLocalCommandBaseRequest.m */; };
		0F9852741D745E25001323AA /* XXLocalCommandGetFileList.m in Sources */ = {isa = PBXBuildFile; fileRef = 0F9852731D745E25001323AA /* XXLocalCommandGetFileList.m */; };
		0F98527B1D746718001323AA /* XXAboutTableViewController.m in Sources */ = {isa = PBXBuildFile; fileRef = 0F98527A1D746718001323AA /* XXAboutTableViewController.m */; };
		0F98529D1D748072001323AA /* Main.storyboard in Resources */ = {isa = PBXBuildFile; fileRef = 0F98529B1D748072001323AA /* Main.storyboard */; };
		0FB0A78E1D73D80D00129E83 /* AppDelegate.m in Sources */ = {isa = PBXBuildFile; fileRef = 0FB0A78A1D73D80D00129E83 /* AppDelegate.m */; };
		0FB0A79C1D73DAF900129E83 /* XXNavigationViewController.m in Sources */ = {isa = PBXBuildFile; fileRef = 0FB0A79B1D73DAF900129E83 /* XXNavigationViewController.m */; };
		0FB0A79F1D73DB7600129E83 /* Assets.xcassets in Resources */ = {isa = PBXBuildFile; fileRef = 0FB0A79E1D73DB7600129E83 /* Assets.xcassets */; };
		0FB0A7AD1D73DBE400129E83 /* main.m in Sources */ = {isa = PBXBuildFile; fileRef = 0FB0A7AC1D73DBE400129E83 /* main.m */; };
		0FB0A7C81D73E46C00129E83 /* XXScriptListTableViewController.m in Sources */ = {isa = PBXBuildFile; fileRef = 0FB0A7C21D73E46C00129E83 /* XXScriptListTableViewController.m */; };
		0FB0A7C91D73E46C00129E83 /* XXSettingsTableViewController.m in Sources */ = {isa = PBXBuildFile; fileRef = 0FB0A7C51D73E46C00129E83 /* XXSettingsTableViewController.m */; };
		0FB0A7CA1D73E46C00129E83 /* XXMainTabbarViewController.m in Sources */ = {isa = PBXBuildFile; fileRef = 0FB0A7C71D73E46C00129E83 /* XXMainTabbarViewController.m */; };
		0FB0A7CD1D7411CE00129E83 /* GlobalSettings.m in Sources */ = {isa = PBXBuildFile; fileRef = 0FB0A7CC1D7411CE00129E83 /* GlobalSettings.m */; };
		0FC47E841D7673F70076590B /* XXToolbar.m in Sources */ = {isa = PBXBuildFile; fileRef = 0FC47E831D7673F70076590B /* XXToolbar.m */; };
		0FC47E8C1D7690890076590B /* XXWebViewController.m in Sources */ = {isa = PBXBuildFile; fileRef = 0FC47E8B1D7690890076590B /* XXWebViewController.m */; };
		0FC47E921D7698140076590B /* tos.html in Resources */ = {isa = PBXBuildFile; fileRef = 0FC47E911D7698140076590B /* tos.html */; };
		0FC47E941D7698220076590B /* open.html in Resources */ = {isa = PBXBuildFile; fileRef = 0FC47E931D7698220076590B /* open.html */; };
		0FC47E971D769C160076590B /* XXDocumentsTableViewController.m in Sources */ = {isa = PBXBuildFile; fileRef = 0FC47E961D769C160076590B /* XXDocumentsTableViewController.m */; };
		0FC47E9A1D76A2420076590B /* Social.framework in Frameworks */ = {isa = PBXBuildFile; fileRef = 0FC47E991D76A2420076590B /* Social.framework */; };
		0FC47E9F1D76A6840076590B /* ARSafariActivity.bundle in Resources */ = {isa = PBXBuildFile; fileRef = 0FC47E9C1D76A6840076590B /* ARSafariActivity.bundle */; };
		0FC47EA01D76A6840076590B /* ARSafariActivity.m in Sources */ = {isa = PBXBuildFile; fileRef = 0FC47E9E1D76A6840076590B /* ARSafariActivity.m */; };
		0FD7DC291D75BB2100F84181 /* XXSwipeableCell.m in Sources */ = {isa = PBXBuildFile; fileRef = 0FD7DC281D75BB2100F84181 /* XXSwipeableCell.m */; };
		0FE881D11D75A9AD003907A7 /* XXLocalNetService.m in Sources */ = {isa = PBXBuildFile; fileRef = 0FE881D01D75A9AD003907A7 /* XXLocalNetService.m */; };
		0FE881D41D75ABE9003907A7 /* XXLocalDataService.m in Sources */ = {isa = PBXBuildFile; fileRef = 0FE881D31D75ABE9003907A7 /* XXLocalDataService.m */; };
		0FE881D71D75ADE1003907A7 /* XXLocalFileModel.m in Sources */ = {isa = PBXBuildFile; fileRef = 0FE881D61D75ADE1003907A7 /* XXLocalFileModel.m */; };
		95055808A81D28EF5D3CB898 /* Pods_XXTouchApp.framework in Frameworks */ = {isa = PBXBuildFile; fileRef = AC6DCBE457CEBB0E56A084B8 /* Pods_XXTouchApp.framework */; };
/* End PBXBuildFile section */

/* Begin PBXFileReference section */
		0F302D2A1D745751001E566A /* StyleDefines.h */ = {isa = PBXFileReference; lastKnownFileType = sourcecode.c.h; path = StyleDefines.h; sourceTree = "<group>"; };
		0F302D2C1D74578E001E566A /* UINavigationController+StatusBar.h */ = {isa = PBXFileReference; fileEncoding = 4; lastKnownFileType = sourcecode.c.h; path = "UINavigationController+StatusBar.h"; sourceTree = "<group>"; };
		0F302D2D1D74578E001E566A /* UINavigationController+StatusBar.m */ = {isa = PBXFileReference; fileEncoding = 4; lastKnownFileType = sourcecode.c.objc; path = "UINavigationController+StatusBar.m"; sourceTree = "<group>"; };
		0F302D2F1D7457D4001E566A /* UINavigationController+FDFullscreenPopGesture.h */ = {isa = PBXFileReference; fileEncoding = 4; lastKnownFileType = sourcecode.c.h; path = "UINavigationController+FDFullscreenPopGesture.h"; sourceTree = "<group>"; };
		0F302D301D7457D4001E566A /* UINavigationController+FDFullscreenPopGesture.m */ = {isa = PBXFileReference; fileEncoding = 4; lastKnownFileType = sourcecode.c.objc; path = "UINavigationController+FDFullscreenPopGesture.m"; sourceTree = "<group>"; };
		0F98526E1D745CC3001323AA /* XXLocalCommandBaseRequest.h */ = {isa = PBXFileReference; fileEncoding = 4; lastKnownFileType = sourcecode.c.h; path = XXLocalCommandBaseRequest.h; sourceTree = "<group>"; };
		0F98526F1D745CC3001323AA /* XXLocalCommandBaseRequest.m */ = {isa = PBXFileReference; fileEncoding = 4; lastKnownFileType = sourcecode.c.objc; path = XXLocalCommandBaseRequest.m; sourceTree = "<group>"; };
		0F9852711D745D15001323AA /* XXLocalCommandDefines.h */ = {isa = PBXFileReference; lastKnownFileType = sourcecode.c.h; path = XXLocalCommandDefines.h; sourceTree = "<group>"; };
		0F9852721D745E25001323AA /* XXLocalCommandGetFileList.h */ = {isa = PBXFileReference; fileEncoding = 4; lastKnownFileType = sourcecode.c.h; path = XXLocalCommandGetFileList.h; sourceTree = "<group>"; };
		0F9852731D745E25001323AA /* XXLocalCommandGetFileList.m */ = {isa = PBXFileReference; fileEncoding = 4; lastKnownFileType = sourcecode.c.objc; path = XXLocalCommandGetFileList.m; sourceTree = "<group>"; };
		0F9852791D746718001323AA /* XXAboutTableViewController.h */ = {isa = PBXFileReference; fileEncoding = 4; lastKnownFileType = sourcecode.c.h; path = XXAboutTableViewController.h; sourceTree = "<group>"; };
		0F98527A1D746718001323AA /* XXAboutTableViewController.m */ = {isa = PBXFileReference; fileEncoding = 4; lastKnownFileType = sourcecode.c.objc; path = XXAboutTableViewController.m; sourceTree = "<group>"; };
		0F98527F1D747410001323AA /* SystemDebugDefines.h */ = {isa = PBXFileReference; lastKnownFileType = sourcecode.c.h; path = SystemDebugDefines.h; sourceTree = "<group>"; };
		0F98529C1D748072001323AA /* Base */ = {isa = PBXFileReference; lastKnownFileType = file.storyboard; name = Base; path = Base.lproj/Main.storyboard; sourceTree = "<group>"; };
		0FB0A7891D73D80D00129E83 /* AppDelegate.h */ = {isa = PBXFileReference; fileEncoding = 4; lastKnownFileType = sourcecode.c.h; path = AppDelegate.h; sourceTree = "<group>"; };
		0FB0A78A1D73D80D00129E83 /* AppDelegate.m */ = {isa = PBXFileReference; fileEncoding = 4; lastKnownFileType = sourcecode.c.objc; path = AppDelegate.m; sourceTree = "<group>"; };
		0FB0A79A1D73DAF900129E83 /* XXNavigationViewController.h */ = {isa = PBXFileReference; fileEncoding = 4; lastKnownFileType = sourcecode.c.h; path = XXNavigationViewController.h; sourceTree = "<group>"; };
		0FB0A79B1D73DAF900129E83 /* XXNavigationViewController.m */ = {isa = PBXFileReference; fileEncoding = 4; lastKnownFileType = sourcecode.c.objc; path = XXNavigationViewController.m; sourceTree = "<group>"; };
		0FB0A79E1D73DB7600129E83 /* Assets.xcassets */ = {isa = PBXFileReference; lastKnownFileType = folder.assetcatalog; path = Assets.xcassets; sourceTree = "<group>"; };
		0FB0A7AC1D73DBE400129E83 /* main.m */ = {isa = PBXFileReference; fileEncoding = 4; lastKnownFileType = sourcecode.c.objc; path = main.m; sourceTree = "<group>"; };
		0FB0A7C11D73E46C00129E83 /* XXScriptListTableViewController.h */ = {isa = PBXFileReference; fileEncoding = 4; lastKnownFileType = sourcecode.c.h; path = XXScriptListTableViewController.h; sourceTree = "<group>"; };
		0FB0A7C21D73E46C00129E83 /* XXScriptListTableViewController.m */ = {isa = PBXFileReference; fileEncoding = 4; lastKnownFileType = sourcecode.c.objc; path = XXScriptListTableViewController.m; sourceTree = "<group>"; };
		0FB0A7C41D73E46C00129E83 /* XXSettingsTableViewController.h */ = {isa = PBXFileReference; fileEncoding = 4; lastKnownFileType = sourcecode.c.h; path = XXSettingsTableViewController.h; sourceTree = "<group>"; };
		0FB0A7C51D73E46C00129E83 /* XXSettingsTableViewController.m */ = {isa = PBXFileReference; fileEncoding = 4; lastKnownFileType = sourcecode.c.objc; path = XXSettingsTableViewController.m; sourceTree = "<group>"; };
		0FB0A7C61D73E46C00129E83 /* XXMainTabbarViewController.h */ = {isa = PBXFileReference; fileEncoding = 4; lastKnownFileType = sourcecode.c.h; path = XXMainTabbarViewController.h; sourceTree = "<group>"; };
		0FB0A7C71D73E46C00129E83 /* XXMainTabbarViewController.m */ = {isa = PBXFileReference; fileEncoding = 4; lastKnownFileType = sourcecode.c.objc; path = XXMainTabbarViewController.m; sourceTree = "<group>"; };
		0FB0A7CB1D7411CE00129E83 /* GlobalSettings.h */ = {isa = PBXFileReference; fileEncoding = 4; lastKnownFileType = sourcecode.c.h; path = GlobalSettings.h; sourceTree = "<group>"; };
		0FB0A7CC1D7411CE00129E83 /* GlobalSettings.m */ = {isa = PBXFileReference; fileEncoding = 4; lastKnownFileType = sourcecode.c.objc; path = GlobalSettings.m; sourceTree = "<group>"; };
		0FB0A7D21D741BA200129E83 /* SystemVersionDefines.h */ = {isa = PBXFileReference; fileEncoding = 4; lastKnownFileType = sourcecode.c.h; path = SystemVersionDefines.h; sourceTree = "<group>"; };
		0FB0A7D31D741C9F00129E83 /* SystemConstantsDefines.h */ = {isa = PBXFileReference; lastKnownFileType = sourcecode.c.h; path = SystemConstantsDefines.h; sourceTree = "<group>"; };
		0FB0A7D41D741CFB00129E83 /* AppDefines.pch */ = {isa = PBXFileReference; lastKnownFileType = sourcecode.c.h; name = AppDefines.pch; path = Defines/AppDefines.pch; sourceTree = "<group>"; };
		0FC47E821D7673F70076590B /* XXToolbar.h */ = {isa = PBXFileReference; fileEncoding = 4; lastKnownFileType = sourcecode.c.h; path = XXToolbar.h; sourceTree = "<group>"; };
		0FC47E831D7673F70076590B /* XXToolbar.m */ = {isa = PBXFileReference; fileEncoding = 4; lastKnownFileType = sourcecode.c.objc; path = XXToolbar.m; sourceTree = "<group>"; };
		0FC47E8A1D7690890076590B /* XXWebViewController.h */ = {isa = PBXFileReference; fileEncoding = 4; lastKnownFileType = sourcecode.c.h; path = XXWebViewController.h; sourceTree = "<group>"; };
		0FC47E8B1D7690890076590B /* XXWebViewController.m */ = {isa = PBXFileReference; fileEncoding = 4; lastKnownFileType = sourcecode.c.objc; path = XXWebViewController.m; sourceTree = "<group>"; };
		0FC47E911D7698140076590B /* tos.html */ = {isa = PBXFileReference; fileEncoding = 4; lastKnownFileType = text.html; path = tos.html; sourceTree = "<group>"; };
		0FC47E931D7698220076590B /* open.html */ = {isa = PBXFileReference; fileEncoding = 4; lastKnownFileType = text.html; path = open.html; sourceTree = "<group>"; };
		0FC47E951D769C160076590B /* XXDocumentsTableViewController.h */ = {isa = PBXFileReference; fileEncoding = 4; lastKnownFileType = sourcecode.c.h; path = XXDocumentsTableViewController.h; sourceTree = "<group>"; };
		0FC47E961D769C160076590B /* XXDocumentsTableViewController.m */ = {isa = PBXFileReference; fileEncoding = 4; lastKnownFileType = sourcecode.c.objc; path = XXDocumentsTableViewController.m; sourceTree = "<group>"; };
		0FC47E981D769EEF0076590B /* UrlDefines.h */ = {isa = PBXFileReference; lastKnownFileType = sourcecode.c.h; path = UrlDefines.h; sourceTree = "<group>"; };
		0FC47E991D76A2420076590B /* Social.framework */ = {isa = PBXFileReference; lastKnownFileType = wrapper.framework; name = Social.framework; path = System/Library/Frameworks/Social.framework; sourceTree = SDKROOT; };
		0FC47E9C1D76A6840076590B /* ARSafariActivity.bundle */ = {isa = PBXFileReference; lastKnownFileType = "wrapper.plug-in"; path = ARSafariActivity.bundle; sourceTree = "<group>"; };
		0FC47E9D1D76A6840076590B /* ARSafariActivity.h */ = {isa = PBXFileReference; fileEncoding = 4; lastKnownFileType = sourcecode.c.h; path = ARSafariActivity.h; sourceTree = "<group>"; };
		0FC47E9E1D76A6840076590B /* ARSafariActivity.m */ = {isa = PBXFileReference; fileEncoding = 4; lastKnownFileType = sourcecode.c.objc; path = ARSafariActivity.m; sourceTree = "<group>"; };
		0FD1C29B1D73CC6D000A784E /* XXTouchApp.app */ = {isa = PBXFileReference; explicitFileType = wrapper.application; includeInIndex = 0; path = XXTouchApp.app; sourceTree = BUILT_PRODUCTS_DIR; };
		0FD1C2AF1D73CC6D000A784E /* Info.plist */ = {isa = PBXFileReference; lastKnownFileType = text.plist.xml; path = Info.plist; sourceTree = "<group>"; };
		0FD7DC271D75BB2100F84181 /* XXSwipeableCell.h */ = {isa = PBXFileReference; fileEncoding = 4; lastKnownFileType = sourcecode.c.h; path = XXSwipeableCell.h; sourceTree = "<group>"; };
		0FD7DC281D75BB2100F84181 /* XXSwipeableCell.m */ = {isa = PBXFileReference; fileEncoding = 4; lastKnownFileType = sourcecode.c.objc; path = XXSwipeableCell.m; sourceTree = "<group>"; };
		0FE881CF1D75A9AD003907A7 /* XXLocalNetService.h */ = {isa = PBXFileReference; fileEncoding = 4; lastKnownFileType = sourcecode.c.h; path = XXLocalNetService.h; sourceTree = "<group>"; };
		0FE881D01D75A9AD003907A7 /* XXLocalNetService.m */ = {isa = PBXFileReference; fileEncoding = 4; lastKnownFileType = sourcecode.c.objc; path = XXLocalNetService.m; sourceTree = "<group>"; };
		0FE881D21D75ABE9003907A7 /* XXLocalDataService.h */ = {isa = PBXFileReference; fileEncoding = 4; lastKnownFileType = sourcecode.c.h; path = XXLocalDataService.h; sourceTree = "<group>"; };
		0FE881D31D75ABE9003907A7 /* XXLocalDataService.m */ = {isa = PBXFileReference; fileEncoding = 4; lastKnownFileType = sourcecode.c.objc; path = XXLocalDataService.m; sourceTree = "<group>"; };
		0FE881D51D75ADE1003907A7 /* XXLocalFileModel.h */ = {isa = PBXFileReference; fileEncoding = 4; lastKnownFileType = sourcecode.c.h; path = XXLocalFileModel.h; sourceTree = "<group>"; };
		0FE881D61D75ADE1003907A7 /* XXLocalFileModel.m */ = {isa = PBXFileReference; fileEncoding = 4; lastKnownFileType = sourcecode.c.objc; path = XXLocalFileModel.m; sourceTree = "<group>"; };
		6A32183C509C99D78171BEA1 /* Pods-XXTouchApp.release.xcconfig */ = {isa = PBXFileReference; includeInIndex = 1; lastKnownFileType = text.xcconfig; name = "Pods-XXTouchApp.release.xcconfig"; path = "Pods/Target Support Files/Pods-XXTouchApp/Pods-XXTouchApp.release.xcconfig"; sourceTree = "<group>"; };
		AC405549C106997C9860AE5F /* Pods-XXTouchApp.debug.xcconfig */ = {isa = PBXFileReference; includeInIndex = 1; lastKnownFileType = text.xcconfig; name = "Pods-XXTouchApp.debug.xcconfig"; path = "Pods/Target Support Files/Pods-XXTouchApp/Pods-XXTouchApp.debug.xcconfig"; sourceTree = "<group>"; };
		AC6DCBE457CEBB0E56A084B8 /* Pods_XXTouchApp.framework */ = {isa = PBXFileReference; explicitFileType = wrapper.framework; includeInIndex = 0; path = Pods_XXTouchApp.framework; sourceTree = BUILT_PRODUCTS_DIR; };
/* End PBXFileReference section */

/* Begin PBXFrameworksBuildPhase section */
		0FD1C2981D73CC6D000A784E /* Frameworks */ = {
			isa = PBXFrameworksBuildPhase;
			buildActionMask = 2147483647;
			files = (
				0FC47E9A1D76A2420076590B /* Social.framework in Frameworks */,
				95055808A81D28EF5D3CB898 /* Pods_XXTouchApp.framework in Frameworks */,
			);
			runOnlyForDeploymentPostprocessing = 0;
		};
/* End PBXFrameworksBuildPhase section */

/* Begin PBXGroup section */
		0F302D2B1D74578E001E566A /* Catalogs */ = {
			isa = PBXGroup;
			children = (
				0F302D2F1D7457D4001E566A /* UINavigationController+FDFullscreenPopGesture.h */,
				0F302D301D7457D4001E566A /* UINavigationController+FDFullscreenPopGesture.m */,
				0F302D2C1D74578E001E566A /* UINavigationController+StatusBar.h */,
				0F302D2D1D74578E001E566A /* UINavigationController+StatusBar.m */,
			);
			path = Catalogs;
			sourceTree = "<group>";
		};
		0F9852681D745B84001323AA /* Models */ = {
			isa = PBXGroup;
			children = (
				0FE881D51D75ADE1003907A7 /* XXLocalFileModel.h */,
				0FE881D61D75ADE1003907A7 /* XXLocalFileModel.m */,
			);
			path = Models;
			sourceTree = "<group>";
		};
		0F9852691D745B84001323AA /* Services */ = {
			isa = PBXGroup;
			children = (
				0F9852711D745D15001323AA /* XXLocalCommandDefines.h */,
				0FE881CF1D75A9AD003907A7 /* XXLocalNetService.h */,
				0FE881D01D75A9AD003907A7 /* XXLocalNetService.m */,
				0FE881D21D75ABE9003907A7 /* XXLocalDataService.h */,
				0FE881D31D75ABE9003907A7 /* XXLocalDataService.m */,
				0F98526D1D745CB3001323AA /* Requests */,
			);
			path = Services;
			sourceTree = "<group>";
		};
		0F98526D1D745CB3001323AA /* Requests */ = {
			isa = PBXGroup;
			children = (
				0F98526E1D745CC3001323AA /* XXLocalCommandBaseRequest.h */,
				0F98526F1D745CC3001323AA /* XXLocalCommandBaseRequest.m */,
				0F9852721D745E25001323AA /* XXLocalCommandGetFileList.h */,
				0F9852731D745E25001323AA /* XXLocalCommandGetFileList.m */,
			);
			path = Requests;
			sourceTree = "<group>";
		};
		0F9852751D7466AC001323AA /* Help */ = {
			isa = PBXGroup;
			children = (
				0F9852791D746718001323AA /* XXAboutTableViewController.h */,
				0F98527A1D746718001323AA /* XXAboutTableViewController.m */,
				0FC47E951D769C160076590B /* XXDocumentsTableViewController.h */,
				0FC47E961D769C160076590B /* XXDocumentsTableViewController.m */,
			);
			path = Help;
			sourceTree = "<group>";
		};
		0FB0A7881D73D80D00129E83 /* Global */ = {
			isa = PBXGroup;
			children = (
				0F302D2B1D74578E001E566A /* Catalogs */,
				0FB0A7D01D741BA200129E83 /* Defines */,
				0FB0A7D41D741CFB00129E83 /* AppDefines.pch */,
				0FB0A7891D73D80D00129E83 /* AppDelegate.h */,
				0FB0A78A1D73D80D00129E83 /* AppDelegate.m */,
				0FB0A7CB1D7411CE00129E83 /* GlobalSettings.h */,
				0FB0A7CC1D7411CE00129E83 /* GlobalSettings.m */,
			);
			path = Global;
			sourceTree = "<group>";
		};
		0FB0A78B1D73D80D00129E83 /* ViewControllers */ = {
			isa = PBXGroup;
			children = (
				0FB0A7961D73DA9400129E83 /* XX Navigation */,
			);
			path = ViewControllers;
			sourceTree = "<group>";
		};
		0FB0A7961D73DA9400129E83 /* XX Navigation */ = {
			isa = PBXGroup;
			children = (
				0FB0A79A1D73DAF900129E83 /* XXNavigationViewController.h */,
				0FB0A79B1D73DAF900129E83 /* XXNavigationViewController.m */,
				0FC47E891D7690770076590B /* XX Common */,
				0FB0A7BF1D73E46C00129E83 /* XX Main Tabbar */,
			);
			path = "XX Navigation";
			sourceTree = "<group>";
		};
		0FB0A79D1D73DB7600129E83 /* Resources */ = {
			isa = PBXGroup;
			children = (
				0FB0A79E1D73DB7600129E83 /* Assets.xcassets */,
			);
			path = Resources;
			sourceTree = "<group>";
		};
		0FB0A7A01D73DB9F00129E83 /* International */ = {
			isa = PBXGroup;
			children = (
				0F98529B1D748072001323AA /* Main.storyboard */,
				0FC47E881D7690540076590B /* Scenes */,
			);
			name = International;
			path = Resources/International;
			sourceTree = "<group>";
		};
		0FB0A7BF1D73E46C00129E83 /* XX Main Tabbar */ = {
			isa = PBXGroup;
			children = (
				0FB0A7C61D73E46C00129E83 /* XXMainTabbarViewController.h */,
				0FB0A7C71D73E46C00129E83 /* XXMainTabbarViewController.m */,
				0FB0A7C01D73E46C00129E83 /* XX Script List */,
				0FB0A7C31D73E46C00129E83 /* XX Settings */,
			);
			path = "XX Main Tabbar";
			sourceTree = "<group>";
		};
		0FB0A7C01D73E46C00129E83 /* XX Script List */ = {
			isa = PBXGroup;
			children = (
				0FB0A7C11D73E46C00129E83 /* XXScriptListTableViewController.h */,
				0FB0A7C21D73E46C00129E83 /* XXScriptListTableViewController.m */,
				0FC47E811D7673DE0076590B /* Toolbar */,
				0FD7DC261D75BAFE00F84181 /* SwipeableCell */,
			);
			path = "XX Script List";
			sourceTree = "<group>";
		};
		0FB0A7C31D73E46C00129E83 /* XX Settings */ = {
			isa = PBXGroup;
			children = (
				0FB0A7C41D73E46C00129E83 /* XXSettingsTableViewController.h */,
				0FB0A7C51D73E46C00129E83 /* XXSettingsTableViewController.m */,
				0F9852751D7466AC001323AA /* Help */,
			);
			path = "XX Settings";
			sourceTree = "<group>";
		};
		0FB0A7D01D741BA200129E83 /* Defines */ = {
			isa = PBXGroup;
			children = (
				0F98527F1D747410001323AA /* SystemDebugDefines.h */,
				0FB0A7D21D741BA200129E83 /* SystemVersionDefines.h */,
				0FB0A7D31D741C9F00129E83 /* SystemConstantsDefines.h */,
				0F302D2A1D745751001E566A /* StyleDefines.h */,
				0FC47E981D769EEF0076590B /* UrlDefines.h */,
			);
			path = Defines;
			sourceTree = "<group>";
		};
		0FC47E811D7673DE0076590B /* Toolbar */ = {
			isa = PBXGroup;
			children = (
				0FC47E821D7673F70076590B /* XXToolbar.h */,
				0FC47E831D7673F70076590B /* XXToolbar.m */,
			);
			path = Toolbar;
			sourceTree = "<group>";
		};
		0FC47E881D7690540076590B /* Scenes */ = {
			isa = PBXGroup;
			children = (
				0FC47E931D7698220076590B /* open.html */,
				0FC47E911D7698140076590B /* tos.html */,
			);
			path = Scenes;
			sourceTree = "<group>";
		};
		0FC47E891D7690770076590B /* XX Common */ = {
			isa = PBXGroup;
			children = (
				0FC47E9B1D76A6840076590B /* ARSafariActivity */,
				0FC47E8A1D7690890076590B /* XXWebViewController.h */,
				0FC47E8B1D7690890076590B /* XXWebViewController.m */,
			);
			path = "XX Common";
			sourceTree = "<group>";
		};
		0FC47E9B1D76A6840076590B /* ARSafariActivity */ = {
			isa = PBXGroup;
			children = (
				0FC47E9C1D76A6840076590B /* ARSafariActivity.bundle */,
				0FC47E9D1D76A6840076590B /* ARSafariActivity.h */,
				0FC47E9E1D76A6840076590B /* ARSafariActivity.m */,
			);
			path = ARSafariActivity;
			sourceTree = "<group>";
		};
		0FD1C2921D73CC6C000A784E = {
			isa = PBXGroup;
			children = (
				0FD1C29D1D73CC6D000A784E /* XXTouchApp */,
				0FD1C29C1D73CC6D000A784E /* Products */,
				E8BB9045BA67513F87B7DBE9 /* Pods */,
				7FB225FCAC06A2A9A6A98656 /* Frameworks */,
			);
			sourceTree = "<group>";
		};
		0FD1C29C1D73CC6D000A784E /* Products */ = {
			isa = PBXGroup;
			children = (
				0FD1C29B1D73CC6D000A784E /* XXTouchApp.app */,
			);
			name = Products;
			sourceTree = "<group>";
		};
		0FD1C29D1D73CC6D000A784E /* XXTouchApp */ = {
			isa = PBXGroup;
			children = (
				0F9852681D745B84001323AA /* Models */,
				0F9852691D745B84001323AA /* Services */,
				0FB0A7A01D73DB9F00129E83 /* International */,
				0FB0A79D1D73DB7600129E83 /* Resources */,
				0FB0A7881D73D80D00129E83 /* Global */,
				0FB0A78B1D73D80D00129E83 /* ViewControllers */,
				0FD1C2AF1D73CC6D000A784E /* Info.plist */,
				0FB0A7AC1D73DBE400129E83 /* main.m */,
			);
			path = XXTouchApp;
			sourceTree = "<group>";
		};
		0FD7DC261D75BAFE00F84181 /* SwipeableCell */ = {
			isa = PBXGroup;
			children = (
				0FD7DC271D75BB2100F84181 /* XXSwipeableCell.h */,
				0FD7DC281D75BB2100F84181 /* XXSwipeableCell.m */,
			);
			path = SwipeableCell;
			sourceTree = "<group>";
		};
		7FB225FCAC06A2A9A6A98656 /* Frameworks */ = {
			isa = PBXGroup;
			children = (
				0FC47E991D76A2420076590B /* Social.framework */,
				AC6DCBE457CEBB0E56A084B8 /* Pods_XXTouchApp.framework */,
			);
			name = Frameworks;
			sourceTree = "<group>";
		};
		E8BB9045BA67513F87B7DBE9 /* Pods */ = {
			isa = PBXGroup;
			children = (
				AC405549C106997C9860AE5F /* Pods-XXTouchApp.debug.xcconfig */,
				6A32183C509C99D78171BEA1 /* Pods-XXTouchApp.release.xcconfig */,
			);
			name = Pods;
			sourceTree = "<group>";
		};
/* End PBXGroup section */

/* Begin PBXNativeTarget section */
		0FD1C29A1D73CC6D000A784E /* XXTouchApp */ = {
			isa = PBXNativeTarget;
			buildConfigurationList = 0FD1C2B21D73CC6D000A784E /* Build configuration list for PBXNativeTarget "XXTouchApp" */;
			buildPhases = (
				FD605E651055BA2ED4A1496D /* Check Pods Manifest.lock */,
				0FD1C2971D73CC6D000A784E /* Sources */,
				0FD1C2981D73CC6D000A784E /* Frameworks */,
				0FD1C2991D73CC6D000A784E /* Resources */,
				2E957E7B84CDEB356ECD3E6F /* Embed Pods Frameworks */,
				F90C0599FF4662AB633741D6 /* Copy Pods Resources */,
			);
			buildRules = (
			);
			dependencies = (
			);
			name = XXTouchApp;
			productName = XXTouchApp;
			productReference = 0FD1C29B1D73CC6D000A784E /* XXTouchApp.app */;
			productType = "com.apple.product-type.application";
		};
/* End PBXNativeTarget section */

/* Begin PBXProject section */
		0FD1C2931D73CC6C000A784E /* Project object */ = {
			isa = PBXProject;
			attributes = {
				CLASSPREFIX = XX;
				LastUpgradeCheck = 0730;
				ORGANIZATIONNAME = Zheng;
				TargetAttributes = {
					0FD1C29A1D73CC6D000A784E = {
						CreatedOnToolsVersion = 7.3;
						DevelopmentTeam = GXZ23M5TP2;
						SystemCapabilities = {
							com.apple.Push = {
								enabled = 1;
							};
						};
					};
				};
			};
			buildConfigurationList = 0FD1C2961D73CC6C000A784E /* Build configuration list for PBXProject "XXTouchApp" */;
			compatibilityVersion = "Xcode 6.3";
			developmentRegion = English;
			hasScannedForEncodings = 0;
			knownRegions = (
				en,
				Base,
				"zh-Hans",
				"zh-Hant",
			);
			mainGroup = 0FD1C2921D73CC6C000A784E;
			productRefGroup = 0FD1C29C1D73CC6D000A784E /* Products */;
			projectDirPath = "";
			projectRoot = "";
			targets = (
				0FD1C29A1D73CC6D000A784E /* XXTouchApp */,
			);
		};
/* End PBXProject section */

/* Begin PBXResourcesBuildPhase section */
		0FD1C2991D73CC6D000A784E /* Resources */ = {
			isa = PBXResourcesBuildPhase;
			buildActionMask = 2147483647;
			files = (
				0FC47E941D7698220076590B /* open.html in Resources */,
				0FC47E921D7698140076590B /* tos.html in Resources */,
				0FB0A79F1D73DB7600129E83 /* Assets.xcassets in Resources */,
				0F98529D1D748072001323AA /* Main.storyboard in Resources */,
				0FC47E9F1D76A6840076590B /* ARSafariActivity.bundle in Resources */,
			);
			runOnlyForDeploymentPostprocessing = 0;
		};
/* End PBXResourcesBuildPhase section */

/* Begin PBXShellScriptBuildPhase section */
		2E957E7B84CDEB356ECD3E6F /* Embed Pods Frameworks */ = {
			isa = PBXShellScriptBuildPhase;
			buildActionMask = 2147483647;
			files = (
			);
			inputPaths = (
			);
			name = "Embed Pods Frameworks";
			outputPaths = (
			);
			runOnlyForDeploymentPostprocessing = 0;
			shellPath = /bin/sh;
			shellScript = "\"${SRCROOT}/Pods/Target Support Files/Pods-XXTouchApp/Pods-XXTouchApp-frameworks.sh\"\n";
			showEnvVarsInLog = 0;
		};
		F90C0599FF4662AB633741D6 /* Copy Pods Resources */ = {
			isa = PBXShellScriptBuildPhase;
			buildActionMask = 2147483647;
			files = (
			);
			inputPaths = (
			);
			name = "Copy Pods Resources";
			outputPaths = (
			);
			runOnlyForDeploymentPostprocessing = 0;
			shellPath = /bin/sh;
			shellScript = "\"${SRCROOT}/Pods/Target Support Files/Pods-XXTouchApp/Pods-XXTouchApp-resources.sh\"\n";
			showEnvVarsInLog = 0;
		};
		FD605E651055BA2ED4A1496D /* Check Pods Manifest.lock */ = {
			isa = PBXShellScriptBuildPhase;
			buildActionMask = 2147483647;
			files = (
			);
			inputPaths = (
			);
			name = "Check Pods Manifest.lock";
			outputPaths = (
			);
			runOnlyForDeploymentPostprocessing = 0;
			shellPath = /bin/sh;
			shellScript = "diff \"${PODS_ROOT}/../Podfile.lock\" \"${PODS_ROOT}/Manifest.lock\" > /dev/null\nif [[ $? != 0 ]] ; then\n    cat << EOM\nerror: The sandbox is not in sync with the Podfile.lock. Run 'pod install' or update your CocoaPods installation.\nEOM\n    exit 1\nfi\n";
			showEnvVarsInLog = 0;
		};
/* End PBXShellScriptBuildPhase section */

/* Begin PBXSourcesBuildPhase section */
		0FD1C2971D73CC6D000A784E /* Sources */ = {
			isa = PBXSourcesBuildPhase;
			buildActionMask = 2147483647;
			files = (
				0FB0A78E1D73D80D00129E83 /* AppDelegate.m in Sources */,
				0FB0A7AD1D73DBE400129E83 /* main.m in Sources */,
				0FC47E971D769C160076590B /* XXDocumentsTableViewController.m in Sources */,
				0FE881D41D75ABE9003907A7 /* XXLocalDataService.m in Sources */,
				0FB0A7C91D73E46C00129E83 /* XXSettingsTableViewController.m in Sources */,
				0F9852741D745E25001323AA /* XXLocalCommandGetFileList.m in Sources */,
				0F302D311D7457D4001E566A /* UINavigationController+FDFullscreenPopGesture.m in Sources */,
				0F98527B1D746718001323AA /* XXAboutTableViewController.m in Sources */,
				0F9852701D745CC3001323AA /* XXLocalCommandBaseRequest.m in Sources */,
				0FE881D71D75ADE1003907A7 /* XXLocalFileModel.m in Sources */,
				0FB0A79C1D73DAF900129E83 /* XXNavigationViewController.m in Sources */,
				0FB0A7C81D73E46C00129E83 /* XXScriptListTableViewController.m in Sources */,
				0FB0A7CD1D7411CE00129E83 /* GlobalSettings.m in Sources */,
				0FC47E8C1D7690890076590B /* XXWebViewController.m in Sources */,
				0FC47E841D7673F70076590B /* XXToolbar.m in Sources */,
				0FE881D11D75A9AD003907A7 /* XXLocalNetService.m in Sources */,
				0FB0A7CA1D73E46C00129E83 /* XXMainTabbarViewController.m in Sources */,
				0F302D2E1D74578E001E566A /* UINavigationController+StatusBar.m in Sources */,
				0FD7DC291D75BB2100F84181 /* XXSwipeableCell.m in Sources */,
				0FC47EA01D76A6840076590B /* ARSafariActivity.m in Sources */,
			);
			runOnlyForDeploymentPostprocessing = 0;
		};
/* End PBXSourcesBuildPhase section */

/* Begin PBXVariantGroup section */
		0F98529B1D748072001323AA /* Main.storyboard */ = {
			isa = PBXVariantGroup;
			children = (
				0F98529C1D748072001323AA /* Base */,
			);
			name = Main.storyboard;
			sourceTree = "<group>";
		};
/* End PBXVariantGroup section */

/* Begin XCBuildConfiguration section */
		0FD1C2B01D73CC6D000A784E /* Debug */ = {
			isa = XCBuildConfiguration;
			buildSettings = {
				ALWAYS_SEARCH_USER_PATHS = NO;
				CLANG_ANALYZER_NONNULL = YES;
				CLANG_CXX_LANGUAGE_STANDARD = "gnu++0x";
				CLANG_CXX_LIBRARY = "libc++";
				CLANG_ENABLE_MODULES = YES;
				CLANG_ENABLE_OBJC_ARC = YES;
				CLANG_WARN_BOOL_CONVERSION = YES;
				CLANG_WARN_CONSTANT_CONVERSION = YES;
				CLANG_WARN_DIRECT_OBJC_ISA_USAGE = YES_ERROR;
				CLANG_WARN_EMPTY_BODY = YES;
				CLANG_WARN_ENUM_CONVERSION = YES;
				CLANG_WARN_INT_CONVERSION = YES;
				CLANG_WARN_OBJC_ROOT_CLASS = YES_ERROR;
				CLANG_WARN_UNREACHABLE_CODE = YES;
				CLANG_WARN__DUPLICATE_METHOD_MATCH = YES;
				"CODE_SIGN_IDENTITY[sdk=iphoneos*]" = "iPhone Developer";
				COPY_PHASE_STRIP = NO;
				DEBUG_INFORMATION_FORMAT = dwarf;
				ENABLE_BITCODE = NO;
				ENABLE_STRICT_OBJC_MSGSEND = YES;
				ENABLE_TESTABILITY = YES;
				GCC_C_LANGUAGE_STANDARD = gnu99;
				GCC_DYNAMIC_NO_PIC = NO;
				GCC_NO_COMMON_BLOCKS = YES;
				GCC_OPTIMIZATION_LEVEL = 0;
				GCC_PREFIX_HEADER = "$(SRCROOT)/XXTouchApp/Global/Defines/AppDefines.pch";
				GCC_PREPROCESSOR_DEFINITIONS = (
					"DEBUG=1",
					"$(inherited)",
				);
				GCC_WARN_64_TO_32_BIT_CONVERSION = YES;
				GCC_WARN_ABOUT_RETURN_TYPE = YES_ERROR;
				GCC_WARN_UNDECLARED_SELECTOR = YES;
				GCC_WARN_UNINITIALIZED_AUTOS = YES_AGGRESSIVE;
				GCC_WARN_UNUSED_FUNCTION = YES;
				GCC_WARN_UNUSED_VARIABLE = YES;
				IPHONEOS_DEPLOYMENT_TARGET = 7.0;
				MTL_ENABLE_DEBUG_INFO = YES;
				ONLY_ACTIVE_ARCH = YES;
				SDKROOT = iphoneos;
				TARGETED_DEVICE_FAMILY = "1,2";
			};
			name = Debug;
		};
		0FD1C2B11D73CC6D000A784E /* Release */ = {
			isa = XCBuildConfiguration;
			buildSettings = {
				ALWAYS_SEARCH_USER_PATHS = NO;
				CLANG_ANALYZER_NONNULL = YES;
				CLANG_CXX_LANGUAGE_STANDARD = "gnu++0x";
				CLANG_CXX_LIBRARY = "libc++";
				CLANG_ENABLE_MODULES = YES;
				CLANG_ENABLE_OBJC_ARC = YES;
				CLANG_WARN_BOOL_CONVERSION = YES;
				CLANG_WARN_CONSTANT_CONVERSION = YES;
				CLANG_WARN_DIRECT_OBJC_ISA_USAGE = YES_ERROR;
				CLANG_WARN_EMPTY_BODY = YES;
				CLANG_WARN_ENUM_CONVERSION = YES;
				CLANG_WARN_INT_CONVERSION = YES;
				CLANG_WARN_OBJC_ROOT_CLASS = YES_ERROR;
				CLANG_WARN_UNREACHABLE_CODE = YES;
				CLANG_WARN__DUPLICATE_METHOD_MATCH = YES;
				"CODE_SIGN_IDENTITY[sdk=iphoneos*]" = "iPhone Developer";
				COPY_PHASE_STRIP = NO;
				DEBUG_INFORMATION_FORMAT = "dwarf-with-dsym";
				ENABLE_BITCODE = NO;
				ENABLE_NS_ASSERTIONS = NO;
				ENABLE_STRICT_OBJC_MSGSEND = YES;
				GCC_C_LANGUAGE_STANDARD = gnu99;
				GCC_NO_COMMON_BLOCKS = YES;
				GCC_PREFIX_HEADER = "$(SRCROOT)/XXTouchApp/Global/Defines/AppDefines.pch";
				GCC_WARN_64_TO_32_BIT_CONVERSION = YES;
				GCC_WARN_ABOUT_RETURN_TYPE = YES_ERROR;
				GCC_WARN_UNDECLARED_SELECTOR = YES;
				GCC_WARN_UNINITIALIZED_AUTOS = YES_AGGRESSIVE;
				GCC_WARN_UNUSED_FUNCTION = YES;
				GCC_WARN_UNUSED_VARIABLE = YES;
				IPHONEOS_DEPLOYMENT_TARGET = 7.0;
				MTL_ENABLE_DEBUG_INFO = NO;
				SDKROOT = iphoneos;
				TARGETED_DEVICE_FAMILY = "1,2";
				VALIDATE_PRODUCT = YES;
			};
			name = Release;
		};
		0FD1C2B31D73CC6D000A784E /* Debug */ = {
			isa = XCBuildConfiguration;
			baseConfigurationReference = AC405549C106997C9860AE5F /* Pods-XXTouchApp.debug.xcconfig */;
			buildSettings = {
				ASSETCATALOG_COMPILER_APPICON_NAME = AppIcon;
				ASSETCATALOG_COMPILER_LAUNCHIMAGE_NAME = LaunchImage;
				CODE_SIGN_IDENTITY = "iPhone Developer: Zheng Wu (253D9QR4TP)";
				ENABLE_BITCODE = NO;
				INFOPLIST_FILE = XXTouchApp/Info.plist;
				IPHONEOS_DEPLOYMENT_TARGET = 7.0;
				LD_RUNPATH_SEARCH_PATHS = "$(inherited) @executable_path/Frameworks";
				PRODUCT_BUNDLE_IDENTIFIER = com.xxtouch.XXTouchApp;
				PRODUCT_NAME = "$(TARGET_NAME)";
				PROVISIONING_PROFILE = "bec83291-9960-4e34-8faf-7970ad61f015";
			};
			name = Debug;
		};
		0FD1C2B41D73CC6D000A784E /* Release */ = {
			isa = XCBuildConfiguration;
			baseConfigurationReference = 6A32183C509C99D78171BEA1 /* Pods-XXTouchApp.release.xcconfig */;
			buildSettings = {
				ASSETCATALOG_COMPILER_APPICON_NAME = AppIcon;
				ASSETCATALOG_COMPILER_LAUNCHIMAGE_NAME = LaunchImage;
				CODE_SIGN_IDENTITY = "iPhone Developer: Zheng Wu (253D9QR4TP)";
				ENABLE_BITCODE = NO;
				INFOPLIST_FILE = XXTouchApp/Info.plist;
				IPHONEOS_DEPLOYMENT_TARGET = 7.0;
				LD_RUNPATH_SEARCH_PATHS = "$(inherited) @executable_path/Frameworks";
				PRODUCT_BUNDLE_IDENTIFIER = com.xxtouch.XXTouchApp;
				PRODUCT_NAME = "$(TARGET_NAME)";
				PROVISIONING_PROFILE = "bec83291-9960-4e34-8faf-7970ad61f015";
			};
			name = Release;
		};
/* End XCBuildConfiguration section */

/* Begin XCConfigurationList section */
		0FD1C2961D73CC6C000A784E /* Build configuration list for PBXProject "XXTouchApp" */ = {
			isa = XCConfigurationList;
			buildConfigurations = (
				0FD1C2B01D73CC6D000A784E /* Debug */,
				0FD1C2B11D73CC6D000A784E /* Release */,
			);
			defaultConfigurationIsVisible = 0;
			defaultConfigurationName = Release;
		};
		0FD1C2B21D73CC6D000A784E /* Build configuration list for PBXNativeTarget "XXTouchApp" */ = {
			isa = XCConfigurationList;
			buildConfigurations = (
				0FD1C2B31D73CC6D000A784E /* Debug */,
				0FD1C2B41D73CC6D000A784E /* Release */,
			);
			defaultConfigurationIsVisible = 0;
			defaultConfigurationName = Release;
		};
/* End XCConfigurationList section */
	};
	rootObject = 0FD1C2931D73CC6C000A784E /* Project object */;
}
